
Microsoft Visual Studio Solution File, Format Version 12.00
# Visual Studio Version 17
VisualStudioVersion = 17.9.34622.214
MinimumVisualStudioVersion = 10.0.40219.1
Project("{9A19103F-16F7-4668-BE54-9A1E7A4F7556}") = "ChattyBridge", "ChattyBridge\ChattyBridge.csproj", "{8281F41F-6AEE-4A08-B1FD-7BDC126BD06A}"
EndProject
Project("{2150E333-8FDC-42A3-9474-1A3956D46DE8}") = "解决方案项", "解决方案项", "{C3AAED6E-4685-4D70-9064-3A39A7EA485F}"
	ProjectSection(SolutionItems) = preProject
		template.targets = template.targets
	EndProjectSection
EndProject
Global
	GlobalSection(SolutionConfigurationPlatforms) = preSolution
		Debug|Any CPU = Debug|Any CPU
		Release|Any CPU = Release|Any CPU
	EndGlobalSection
	GlobalSection(ProjectConfigurationPlatforms) = postSolution
		{8281F41F-6AEE-4A08-B1FD-7BDC126BD06A}.Debug|Any CPU.ActiveCfg = Debug|Any CPU
		{8281F41F-6AEE-4A08-B1FD-7BDC126BD06A}.Debug|Any CPU.Build.0 = Debug|Any CPU
		{8281F41F-6AEE-4A08-B1FD-7BDC126BD06A}.Release|Any CPU.ActiveCfg = Release|Any CPU
		{8281F41F-6AEE-4A08-B1FD-7BDC126BD06A}.Release|Any CPU.Build.0 = Release|Any CPU
	EndGlobalSection
	GlobalSection(SolutionProperties) = preSolution
		HideSolutionNode = FALSE
	EndGlobalSection
	GlobalSection(ExtensibilityGlobals) = postSolution
		SolutionGuid = {A0029F58-63FA-4445-ABC2-C334EB5B99B5}
	EndGlobalSection
EndGlobal
