
Microsoft Visual Studio Solution File, Format Version 12.00
# Visual Studio Version 17
VisualStudioVersion = 17.9.34622.214
MinimumVisualStudioVersion = 10.0.40219.1
Project("{9A19103F-16F7-4668-BE54-9A1E7A4F7556}") = "ChattyBridge", "ChattyBridge\ChattyBridge.csproj", "{8281F41F-6AEE-4A08-B1FD-7BDC126BD06A}"
EndProject
Project("{2150E333-8FDC-42A3-9474-1A3956D46DE8}") = "解决方案项", "解决方案项", "{C3AAED6E-4685-4D70-9064-3A39A7EA485F}"
	ProjectSection(SolutionItems) = preProject
		template.targets = template.targets
	EndProjectSection
EndProject
Project("{9A19103F-16F7-4668-BE54-9A1E7A4F7556}") = "EconomicsAPI", "EconomicsAPI\EconomicsAPI.csproj", "{CB210D18-3DA3-46EC-9E49-72296871E2DD}"
EndProject
Project("{9A19103F-16F7-4668-BE54-9A1E7A4F7556}") = "Economics.RPG", "Economics.RPG\Economics.RPG.csproj", "{F183C64E-9FC4-4938-8962-74A58B1E9232}"
EndProject
Project("{9A19103F-16F7-4668-BE54-9A1E7A4F7556}") = "Economics.Deal", "Economics.Deal\Economics.Deal.csproj", "{12E74D48-5F05-42EB-B434-9C6DAF159289}"
EndProject
Project("{9A19103F-16F7-4668-BE54-9A1E7A4F7556}") = "Economics.Shop", "Economics.Shop\Economics.Shop.csproj", "{BB97FC98-BA7C-4308-B1B5-1C748EE31F95}"
EndProject
Project("{9A19103F-16F7-4668-BE54-9A1E7A4F7556}") = "Economics.Skill", "Economics.Skill\Economics.Skill.csproj", "{B94BB79F-53DB-4C3E-8E9D-53194CB20577}"
EndProject
Project("{9A19103F-16F7-4668-BE54-9A1E7A4F7556}") = "CreateSpawn", "CreateSpawn\CreateSpawn.csproj", "{36BD8152-E8E7-45BE-906E-0FC048F9794E}"
EndProject
Project("{9A19103F-16F7-4668-BE54-9A1E7A4F7556}") = "AutoBroadcast", "AutoBroadcast\AutoBroadcast.csproj", "{2ECD2226-ABB7-43D8-BB04-89B0F567002A}"
EndProject
Project("{9A19103F-16F7-4668-BE54-9A1E7A4F7556}") = "AutoTeam", "AutoTeam\AutoTeam.csproj", "{2555CB6C-2DDB-4C21-A610-EC056B885939}"
EndProject
Project("{9A19103F-16F7-4668-BE54-9A1E7A4F7556}") = "LifemaxExtra", "LifemaxExtra\LifemaxExtra.csproj", "{F4D43E91-626F-4B28-A20F-50BC034DC808}"
EndProject
Project("{9A19103F-16F7-4668-BE54-9A1E7A4F7556}") = "BridgeBuilder", "BridgeBuilder\BridgeBuilder.csproj", "{A4C401CD-9D9B-4A63-9696-45B990194077}"
EndProject
Project("{9A19103F-16F7-4668-BE54-9A1E7A4F7556}") = "Back", "Back\Back.csproj", "{A93C4B1F-F36A-49BB-BFF4-544702A3AD59}"
EndProject
Project("{9A19103F-16F7-4668-BE54-9A1E7A4F7556}") = "BanNpc", "BanNpc\BanNpc.csproj", "{A0CD7941-8248-4DEE-B6C1-972995A9D511}"
EndProject
Project("{9A19103F-16F7-4668-BE54-9A1E7A4F7556}") = "MapTp", "MapTp\MapTp.csproj", "{E3F0A3C7-2B10-48AB-B280-722F2039944C}"
EndProject
Project("{9A19103F-16F7-4668-BE54-9A1E7A4F7556}") = "RandRespawn", "RandRespawn\RandRespawn.csproj", "{44DF105C-3615-4B15-AE72-7835C44A3864}"
EndProject
Project("{9A19103F-16F7-4668-BE54-9A1E7A4F7556}") = "RainbowChat", "RainbowChat\RainbowChat.csproj", "{C62A01BB-F454-40D9-AC45-5CBA14B5E5A6}"
EndProject
Project("{9A19103F-16F7-4668-BE54-9A1E7A4F7556}") = "CGive", "CGive\CGive.csproj", "{7A15E6B2-F299-4F07-8429-129119F4553C}"
EndProject
Project("{9A19103F-16F7-4668-BE54-9A1E7A4F7556}") = "DisableGodMod", "DisableGodMod\DisableGodMod.csproj", "{5C7C65FD-E104-4BDA-B7E5-4FC1BF0D2F16}"
EndProject
Project("{9A19103F-16F7-4668-BE54-9A1E7A4F7556}") = "DisableMonsCoin", "DisableMonsCoin\DisableMonsCoin.csproj", "{C8B631CB-F176-4921-B313-6E49A4AAC3AC}"
EndProject
Project("{9A19103F-16F7-4668-BE54-9A1E7A4F7556}") = "DisableSurfaceProjectiles", "DisableSurfaceProjectiles\DisableSurfaceProjectiles.csproj", "{CD5A7945-D416-4DEE-8079-DF0B9B3652ED}"
EndProject
Project("{9A19103F-16F7-4668-BE54-9A1E7A4F7556}") = "NormalDropsBags", "NormalDropsBags\NormalDropsBags.csproj", "{D169A104-9372-4DB4-AF39-B511087885A0}"
EndProject
Project("{9A19103F-16F7-4668-BE54-9A1E7A4F7556}") = "OnlineGiftPackage", "OnlineGiftPackage\OnlineGiftPackage.csproj", "{4348C222-7ADC-443D-BF67-CA86C5880A67}"
EndProject
Project("{9A19103F-16F7-4668-BE54-9A1E7A4F7556}") = "RecipesBrowser", "RecipesBrowser\RecipesBrowser.csproj", "{EE9F711D-7F07-4B0A-BE1B-9331D6DF2CB0}"
EndProject
Project("{9A19103F-16F7-4668-BE54-9A1E7A4F7556}") = "TownNPCHomes", "TownNPCHomes\TownNPCHomes.csproj", "{6FAF2ED2-38B1-46C7-83F1-B909D260D70E}"
EndProject
Project("{9A19103F-16F7-4668-BE54-9A1E7A4F7556}") = "RegionView", "RegionView\RegionView.csproj", "{41B3DE8D-F7B2-44E0-AD35-971140F49E81}"
EndProject
Project("{9A19103F-16F7-4668-BE54-9A1E7A4F7556}") = "Noagent", "Noagent\Noagent.csproj", "{AFB08FA2-C6C6-4759-8117-E1CD44E1BCD9}"
EndProject
Project("{9A19103F-16F7-4668-BE54-9A1E7A4F7556}") = "SwitchCommands", "SwitchCommands\SwitchCommands.csproj", "{572F74CB-7DE5-45DE-AF20-71858721C9DA}"
EndProject
Project("{9A19103F-16F7-4668-BE54-9A1E7A4F7556}") = "GolfRewards", "GolfRewards\GolfRewards.csproj", "{F291429A-188A-4245-8504-9ABA25C7EDC3}"
EndProject
Project("{9A19103F-16F7-4668-BE54-9A1E7A4F7556}") = "ProgressBag", "ProgressBag\ProgressBag.csproj", "{EBE99671-0F0C-4024-8761-15905EBBF786}"
EndProject
Project("{9A19103F-16F7-4668-BE54-9A1E7A4F7556}") = "PermaBuff", "PermaBuff\PermaBuff.csproj", "{6008820E-E19A-4011-8314-CAEABB994834}"
EndProject
Project("{9A19103F-16F7-4668-BE54-9A1E7A4F7556}") = "DataSync", "DataSync\DataSync.csproj", "{2A814EA3-5BCB-448E-85B2-936B4B6E2E4A}"
EndProject
Project("{9A19103F-16F7-4668-BE54-9A1E7A4F7556}") = "ProgressRestrict", "ProgressRestrict\ProgressRestrict.csproj", "{8E0311DE-1766-4588-A790-8A21BE1769FB}"
EndProject
Project("{9A19103F-16F7-4668-BE54-9A1E7A4F7556}") = "CriticalHit", "CriticalHit\CriticalHit.csproj", "{FB53565D-8A75-4A8D-9DBA-F3F260D714CE}"
EndProject
Project("{9A19103F-16F7-4668-BE54-9A1E7A4F7556}") = "PacketsStop", "PacketsStop\PacketsStop.csproj", "{852705B7-607D-4591-8359-860D3DD2B6A9}"
EndProject
Project("{9A19103F-16F7-4668-BE54-9A1E7A4F7556}") = "DeathDrop", "DeathDrop\DeathDrop.csproj", "{7901BF97-3A58-4D80-B99F-FE9D41AB4729}"
EndProject
Project("{9A19103F-16F7-4668-BE54-9A1E7A4F7556}") = "PerPlayerLoot", "PerPlayerLoot\PerPlayerLoot.csproj", "{E1E2954F-20ED-4AA1-9922-3120D543270A}"
EndProject
Project("{9A19103F-16F7-4668-BE54-9A1E7A4F7556}") = "PvPer", "PvPer\PvPer.csproj", "{757ACBB0-6CDC-40C8-9A79-4C52B3479939}"
EndProject
Project("{9A19103F-16F7-4668-BE54-9A1E7A4F7556}") = "DamageStatistic", "DamageStatistic\DamageStatistic.csproj", "{386DBCE3-3B33-4CA1-97B2-B829836969A7}"
EndProject
Project("{9A19103F-16F7-4668-BE54-9A1E7A4F7556}") = "DumpTerrariaID", "DumpTerrariaID\DumpTerrariaID.csproj", "{11865290-2C16-44F3-885B-35C01F8EB7B6}"
EndProject
Project("{9A19103F-16F7-4668-BE54-9A1E7A4F7556}") = "AdditionalPylons", "AdditionalPylons\AdditionalPylons.csproj", "{A86130C5-D9DD-4B60-9D60-666B7E8593D3}"
EndProject
Project("{9A19103F-16F7-4668-BE54-9A1E7A4F7556}") = "History", "History\History.csproj", "{8A851EF7-2B1D-4A82-A5B9-EF1A96BFE693}"
EndProject
Project("{9A19103F-16F7-4668-BE54-9A1E7A4F7556}") = "Invincibility", "Invincibility\Invincibility.csproj", "{17819CBB-E56C-4DD8-A762-2037F2C2C388}"
EndProject
Project("{9A19103F-16F7-4668-BE54-9A1E7A4F7556}") = "Ezperm", "Ezperm\Ezperm.csproj", "{4AB96380-C0D3-4746-87FF-D5FF0AFF1AE3}"
EndProject
Project("{9A19103F-16F7-4668-BE54-9A1E7A4F7556}") = "Autoclear", "Autoclear\Autoclear.csproj", "{75442E3B-E8FD-4B36-BA0B-7113005E5D11}"
EndProject
Project("{9A19103F-16F7-4668-BE54-9A1E7A4F7556}") = "EssentialsPlus", "EssentialsPlus\EssentialsPlus.csproj", "{F1D3C3A7-247D-4537-A9DE-C5988AF7EAFD}"
EndProject
Project("{9A19103F-16F7-4668-BE54-9A1E7A4F7556}") = "ShowArmors", "ShowArmors\ShowArmors.csproj", "{32AA74DF-D75A-44B7-9BFD-F48BE66247CB}"
EndProject
Project("{9A19103F-16F7-4668-BE54-9A1E7A4F7556}") = "VeinMiner", "VeinMiner\VeinMiner.csproj", "{BC20D582-EBEF-4FC4-832C-49EC814CF9A9}"
EndProject
Project("{9A19103F-16F7-4668-BE54-9A1E7A4F7556}") = "PersonalPermission", "PersonalPermission\PersonalPermission.csproj", "{673A34A5-8C67-4909-885F-BD47AF0F58A4}"
EndProject
Project("{9A19103F-16F7-4668-BE54-9A1E7A4F7556}") = "ItemPreserver", "ItemPreserver\ItemPreserver.csproj", "{403509B6-B74A-4E42-A044-EDC8F31DDF6D}"
EndProject
Project("{9A19103F-16F7-4668-BE54-9A1E7A4F7556}") = "Economics.Regain", "Economics.Regain\Economics.Regain.csproj", "{A0146C0E-B33C-49F6-A8FC-94EC67193A03}"
EndProject
Project("{9A19103F-16F7-4668-BE54-9A1E7A4F7556}") = "SimultaneousUseFix", "SimultaneousUseFix\SimultaneousUseFix.csproj", "{32A38583-1944-4542-8424-4427D16491FE}"
EndProject
Project("{9A19103F-16F7-4668-BE54-9A1E7A4F7556}") = "Challenger", "Challenger\Challenger.csproj", "{CAE3975F-26E7-4F0B-A5F3-DD070BA37142}"
EndProject
Project("{9A19103F-16F7-4668-BE54-9A1E7A4F7556}") = "MiniGamesAPI", "MiniGamesAPI\MiniGamesAPI.csproj", "{9AFC0B04-B4DC-4BAE-9C75-F6A2D9112DA8}"
EndProject
Project("{9A19103F-16F7-4668-BE54-9A1E7A4F7556}") = "BuildMaster", "BuildMaster\BuildMaster.csproj", "{B0BE2A00-4B6C-4170-B159-EFE5EAA175DA}"
EndProject
Project("{9A19103F-16F7-4668-BE54-9A1E7A4F7556}") = "journeyUnlock", "journeyUnlock\journeyUnlock.csproj", "{5F1AE666-CFDD-4BE7-9C24-1D505BC56BAE}"
EndProject
Project("{9A19103F-16F7-4668-BE54-9A1E7A4F7556}") = "WikiLangPackLoader", "WikiLangPackLoader\WikiLangPackLoader.csproj", "{37CB1619-7451-41CB-91E1-8F473839631B}"
EndProject
Project("{9A19103F-16F7-4668-BE54-9A1E7A4F7556}") = "ListPlugins", "ListPlugins\ListPlugins.csproj", "{9738B985-8435-4D15-ADCE-817DFDD44D0C}"
EndProject
Project("{9A19103F-16F7-4668-BE54-9A1E7A4F7556}") = "BagPing", "BagPing\BagPing.csproj", "{F079DF85-5F24-4159-915F-01302A9F3243}"
EndProject
Project("{9A19103F-16F7-4668-BE54-9A1E7A4F7556}") = "ServerTools", "ServerTools\ServerTools.csproj", "{0B3404AE-F96A-4F5E-9798-1F9E77D030D2}"
EndProject
Project("{9A19103F-16F7-4668-BE54-9A1E7A4F7556}") = "Platform", "Platform\Platform.csproj", "{3F528630-8E37-4001-BCB9-71148D841127}"
EndProject
Project("{9A19103F-16F7-4668-BE54-9A1E7A4F7556}") = "CaiLib", "CaiLib\CaiLib.csproj", "{3B98CF6B-A295-485C-8ABC-64388BA995BE}"
EndProject
Project("{9A19103F-16F7-4668-BE54-9A1E7A4F7556}") = "GenerateMap", "GenerateMap\GenerateMap.csproj", "{70B2E6F1-D38D-406F-BFBD-98301AE327CA}"
EndProject
Project("{9A19103F-16F7-4668-BE54-9A1E7A4F7556}") = "RestInventory", "RestInventory\RestInventory.csproj", "{C7CD581C-8521-480A-BF30-034D7537C4AE}"
EndProject
Project("{9A19103F-16F7-4668-BE54-9A1E7A4F7556}") = "HelpPlus", "HelpPlus\HelpPlus.csproj", "{B744AA76-F785-4E85-8C68-450758FD55D0}"
EndProject
Project("{9A19103F-16F7-4668-BE54-9A1E7A4F7556}") = "ShortCommand", "ShortCommand\ShortCommand.csproj", "{BA90E5D8-66F8-4340-8D03-FB8A8CC907AB}"
EndProject
Project("{9A19103F-16F7-4668-BE54-9A1E7A4F7556}") = "DTEntryBlock", "DTEntryBlock\DTEntryBlock.csproj", "{1486C0F5-9A7D-4530-B73F-4D1938F0B083}"
EndProject
Project("{9A19103F-16F7-4668-BE54-9A1E7A4F7556}") = "Plugin", "Yaaiomni\Core\Plugin.csproj", "{E384B4DB-BC07-46B8-97A8-F9A1CDBB20C1}"
EndProject
Project("{9A19103F-16F7-4668-BE54-9A1E7A4F7556}") = "Misc", "Yaaiomni\Misc\Misc.csproj", "{9A5A7344-A47A-4DC4-A23D-56B92B7F051B}"
EndProject
Project("{9A19103F-16F7-4668-BE54-9A1E7A4F7556}") = "SourceGen", "Yaaiomni\SourceGen\SourceGen.csproj", "{C9B00432-3802-489F-B2D1-C27C36B17DA1}"
EndProject
Project("{9A19103F-16F7-4668-BE54-9A1E7A4F7556}") = "CaiBot", "CaiBot\CaiBot.csproj", "{78EA1806-A757-47F3-A1C5-DF2FC3B8288B}"
EndProject
Project("{9A19103F-16F7-4668-BE54-9A1E7A4F7556}") = "HouseRegion", "HouseRegion\HouseRegion.csproj", "{4FEDE121-FE96-4B51-B598-0CDD3C5AA078}"
EndProject
Project("{9A19103F-16F7-4668-BE54-9A1E7A4F7556}") = "SignInSign", "SignInSign\SignInSign.csproj", "{9B4C08E6-144E-40D5-9B3D-344011BA7DF3}"
EndProject
Project("{9A19103F-16F7-4668-BE54-9A1E7A4F7556}") = "WeaponPlus", "WeaponPlusCostCoin\WeaponPlus.csproj", "{D860EB42-E6F5-4991-8F2D-DB84FBD6BA1D}"
EndProject
Project("{FAE04EC0-301F-11D3-BF4B-00C04F79EFBC}") = "Economics.Projectile", "Economics.Projectile\Economics.Projectile.csproj", "{1F11D206-B4CE-430B-A8BD-6D7C93BC4C8F}"
EndProject
Project("{FAE04EC0-301F-11D3-BF4B-00C04F79EFBC}") = "Economics.NPC", "Economics.NPC\Economics.NPC.csproj", "{40542E99-97E7-4A2F-A7FA-4405CAAF0967}"
EndProject
Project("{FAE04EC0-301F-11D3-BF4B-00C04F79EFBC}") = "Economics.Task", "Economics.Task\Economics.Task.csproj", "{6ECBE2E4-E080-4701-BE0A-BC1094D3E7D8}"
EndProject
Global
	GlobalSection(SolutionConfigurationPlatforms) = preSolution
		Debug|Any CPU = Debug|Any CPU
		Debug|x64 = Debug|x64
		Release|Any CPU = Release|Any CPU
		Release|x64 = Release|x64
	EndGlobalSection
	GlobalSection(ProjectConfigurationPlatforms) = postSolution
		{8281F41F-6AEE-4A08-B1FD-7BDC126BD06A}.Debug|Any CPU.ActiveCfg = Debug|Any CPU
		{8281F41F-6AEE-4A08-B1FD-7BDC126BD06A}.Debug|Any CPU.Build.0 = Debug|Any CPU
		{8281F41F-6AEE-4A08-B1FD-7BDC126BD06A}.Debug|x64.ActiveCfg = Debug|Any CPU
		{8281F41F-6AEE-4A08-B1FD-7BDC126BD06A}.Debug|x64.Build.0 = Debug|Any CPU
		{8281F41F-6AEE-4A08-B1FD-7BDC126BD06A}.Release|Any CPU.ActiveCfg = Release|Any CPU
		{8281F41F-6AEE-4A08-B1FD-7BDC126BD06A}.Release|Any CPU.Build.0 = Release|Any CPU
		{8281F41F-6AEE-4A08-B1FD-7BDC126BD06A}.Release|x64.ActiveCfg = Release|Any CPU
		{8281F41F-6AEE-4A08-B1FD-7BDC126BD06A}.Release|x64.Build.0 = Release|Any CPU
		{CB210D18-3DA3-46EC-9E49-72296871E2DD}.Debug|Any CPU.ActiveCfg = Debug|Any CPU
		{CB210D18-3DA3-46EC-9E49-72296871E2DD}.Debug|Any CPU.Build.0 = Debug|Any CPU
		{CB210D18-3DA3-46EC-9E49-72296871E2DD}.Debug|x64.ActiveCfg = Debug|Any CPU
		{CB210D18-3DA3-46EC-9E49-72296871E2DD}.Debug|x64.Build.0 = Debug|Any CPU
		{CB210D18-3DA3-46EC-9E49-72296871E2DD}.Release|Any CPU.ActiveCfg = Release|Any CPU
		{CB210D18-3DA3-46EC-9E49-72296871E2DD}.Release|Any CPU.Build.0 = Release|Any CPU
		{CB210D18-3DA3-46EC-9E49-72296871E2DD}.Release|x64.ActiveCfg = Release|Any CPU
		{CB210D18-3DA3-46EC-9E49-72296871E2DD}.Release|x64.Build.0 = Release|Any CPU
		{F183C64E-9FC4-4938-8962-74A58B1E9232}.Debug|Any CPU.ActiveCfg = Debug|Any CPU
		{F183C64E-9FC4-4938-8962-74A58B1E9232}.Debug|Any CPU.Build.0 = Debug|Any CPU
		{F183C64E-9FC4-4938-8962-74A58B1E9232}.Debug|x64.ActiveCfg = Debug|Any CPU
		{F183C64E-9FC4-4938-8962-74A58B1E9232}.Debug|x64.Build.0 = Debug|Any CPU
		{F183C64E-9FC4-4938-8962-74A58B1E9232}.Release|Any CPU.ActiveCfg = Release|Any CPU
		{F183C64E-9FC4-4938-8962-74A58B1E9232}.Release|Any CPU.Build.0 = Release|Any CPU
		{F183C64E-9FC4-4938-8962-74A58B1E9232}.Release|x64.ActiveCfg = Release|Any CPU
		{F183C64E-9FC4-4938-8962-74A58B1E9232}.Release|x64.Build.0 = Release|Any CPU
		{12E74D48-5F05-42EB-B434-9C6DAF159289}.Debug|Any CPU.ActiveCfg = Debug|Any CPU
		{12E74D48-5F05-42EB-B434-9C6DAF159289}.Debug|Any CPU.Build.0 = Debug|Any CPU
		{12E74D48-5F05-42EB-B434-9C6DAF159289}.Debug|x64.ActiveCfg = Debug|Any CPU
		{12E74D48-5F05-42EB-B434-9C6DAF159289}.Debug|x64.Build.0 = Debug|Any CPU
		{12E74D48-5F05-42EB-B434-9C6DAF159289}.Release|Any CPU.ActiveCfg = Release|Any CPU
		{12E74D48-5F05-42EB-B434-9C6DAF159289}.Release|Any CPU.Build.0 = Release|Any CPU
		{12E74D48-5F05-42EB-B434-9C6DAF159289}.Release|x64.ActiveCfg = Release|Any CPU
		{12E74D48-5F05-42EB-B434-9C6DAF159289}.Release|x64.Build.0 = Release|Any CPU
		{BB97FC98-BA7C-4308-B1B5-1C748EE31F95}.Debug|Any CPU.ActiveCfg = Debug|Any CPU
		{BB97FC98-BA7C-4308-B1B5-1C748EE31F95}.Debug|Any CPU.Build.0 = Debug|Any CPU
		{BB97FC98-BA7C-4308-B1B5-1C748EE31F95}.Debug|x64.ActiveCfg = Debug|Any CPU
		{BB97FC98-BA7C-4308-B1B5-1C748EE31F95}.Debug|x64.Build.0 = Debug|Any CPU
		{BB97FC98-BA7C-4308-B1B5-1C748EE31F95}.Release|Any CPU.ActiveCfg = Release|Any CPU
		{BB97FC98-BA7C-4308-B1B5-1C748EE31F95}.Release|Any CPU.Build.0 = Release|Any CPU
		{BB97FC98-BA7C-4308-B1B5-1C748EE31F95}.Release|x64.ActiveCfg = Release|Any CPU
		{BB97FC98-BA7C-4308-B1B5-1C748EE31F95}.Release|x64.Build.0 = Release|Any CPU
		{B94BB79F-53DB-4C3E-8E9D-53194CB20577}.Debug|Any CPU.ActiveCfg = Debug|Any CPU
		{B94BB79F-53DB-4C3E-8E9D-53194CB20577}.Debug|Any CPU.Build.0 = Debug|Any CPU
		{B94BB79F-53DB-4C3E-8E9D-53194CB20577}.Debug|x64.ActiveCfg = Debug|Any CPU
		{B94BB79F-53DB-4C3E-8E9D-53194CB20577}.Debug|x64.Build.0 = Debug|Any CPU
		{B94BB79F-53DB-4C3E-8E9D-53194CB20577}.Release|Any CPU.ActiveCfg = Release|Any CPU
		{B94BB79F-53DB-4C3E-8E9D-53194CB20577}.Release|Any CPU.Build.0 = Release|Any CPU
		{B94BB79F-53DB-4C3E-8E9D-53194CB20577}.Release|x64.ActiveCfg = Release|Any CPU
		{B94BB79F-53DB-4C3E-8E9D-53194CB20577}.Release|x64.Build.0 = Release|Any CPU
		{36BD8152-E8E7-45BE-906E-0FC048F9794E}.Debug|Any CPU.ActiveCfg = Debug|Any CPU
		{36BD8152-E8E7-45BE-906E-0FC048F9794E}.Debug|Any CPU.Build.0 = Debug|Any CPU
		{36BD8152-E8E7-45BE-906E-0FC048F9794E}.Debug|x64.ActiveCfg = Debug|Any CPU
		{36BD8152-E8E7-45BE-906E-0FC048F9794E}.Debug|x64.Build.0 = Debug|Any CPU
		{36BD8152-E8E7-45BE-906E-0FC048F9794E}.Release|Any CPU.ActiveCfg = Release|Any CPU
		{36BD8152-E8E7-45BE-906E-0FC048F9794E}.Release|Any CPU.Build.0 = Release|Any CPU
		{36BD8152-E8E7-45BE-906E-0FC048F9794E}.Release|x64.ActiveCfg = Release|Any CPU
		{36BD8152-E8E7-45BE-906E-0FC048F9794E}.Release|x64.Build.0 = Release|Any CPU
		{2ECD2226-ABB7-43D8-BB04-89B0F567002A}.Debug|Any CPU.ActiveCfg = Debug|Any CPU
		{2ECD2226-ABB7-43D8-BB04-89B0F567002A}.Debug|Any CPU.Build.0 = Debug|Any CPU
		{2ECD2226-ABB7-43D8-BB04-89B0F567002A}.Debug|x64.ActiveCfg = Debug|Any CPU
		{2ECD2226-ABB7-43D8-BB04-89B0F567002A}.Debug|x64.Build.0 = Debug|Any CPU
		{2ECD2226-ABB7-43D8-BB04-89B0F567002A}.Release|Any CPU.ActiveCfg = Release|Any CPU
		{2ECD2226-ABB7-43D8-BB04-89B0F567002A}.Release|Any CPU.Build.0 = Release|Any CPU
		{2ECD2226-ABB7-43D8-BB04-89B0F567002A}.Release|x64.ActiveCfg = Release|Any CPU
		{2ECD2226-ABB7-43D8-BB04-89B0F567002A}.Release|x64.Build.0 = Release|Any CPU
		{2555CB6C-2DDB-4C21-A610-EC056B885939}.Debug|Any CPU.ActiveCfg = Debug|Any CPU
		{2555CB6C-2DDB-4C21-A610-EC056B885939}.Debug|Any CPU.Build.0 = Debug|Any CPU
		{2555CB6C-2DDB-4C21-A610-EC056B885939}.Debug|x64.ActiveCfg = Debug|Any CPU
		{2555CB6C-2DDB-4C21-A610-EC056B885939}.Debug|x64.Build.0 = Debug|Any CPU
		{2555CB6C-2DDB-4C21-A610-EC056B885939}.Release|Any CPU.ActiveCfg = Release|Any CPU
		{2555CB6C-2DDB-4C21-A610-EC056B885939}.Release|Any CPU.Build.0 = Release|Any CPU
		{2555CB6C-2DDB-4C21-A610-EC056B885939}.Release|x64.ActiveCfg = Release|Any CPU
		{2555CB6C-2DDB-4C21-A610-EC056B885939}.Release|x64.Build.0 = Release|Any CPU
		{F4D43E91-626F-4B28-A20F-50BC034DC808}.Debug|Any CPU.ActiveCfg = Debug|Any CPU
		{F4D43E91-626F-4B28-A20F-50BC034DC808}.Debug|Any CPU.Build.0 = Debug|Any CPU
		{F4D43E91-626F-4B28-A20F-50BC034DC808}.Debug|x64.ActiveCfg = Debug|Any CPU
		{F4D43E91-626F-4B28-A20F-50BC034DC808}.Debug|x64.Build.0 = Debug|Any CPU
		{F4D43E91-626F-4B28-A20F-50BC034DC808}.Release|Any CPU.ActiveCfg = Release|Any CPU
		{F4D43E91-626F-4B28-A20F-50BC034DC808}.Release|Any CPU.Build.0 = Release|Any CPU
		{F4D43E91-626F-4B28-A20F-50BC034DC808}.Release|x64.ActiveCfg = Release|Any CPU
		{F4D43E91-626F-4B28-A20F-50BC034DC808}.Release|x64.Build.0 = Release|Any CPU
		{A4C401CD-9D9B-4A63-9696-45B990194077}.Debug|Any CPU.ActiveCfg = Debug|Any CPU
		{A4C401CD-9D9B-4A63-9696-45B990194077}.Debug|Any CPU.Build.0 = Debug|Any CPU
		{A4C401CD-9D9B-4A63-9696-45B990194077}.Debug|x64.ActiveCfg = Debug|x64
		{A4C401CD-9D9B-4A63-9696-45B990194077}.Debug|x64.Build.0 = Debug|x64
		{A4C401CD-9D9B-4A63-9696-45B990194077}.Release|Any CPU.ActiveCfg = Release|Any CPU
		{A4C401CD-9D9B-4A63-9696-45B990194077}.Release|Any CPU.Build.0 = Release|Any CPU
		{A4C401CD-9D9B-4A63-9696-45B990194077}.Release|x64.ActiveCfg = Release|x64
		{A4C401CD-9D9B-4A63-9696-45B990194077}.Release|x64.Build.0 = Release|x64
		{A93C4B1F-F36A-49BB-BFF4-544702A3AD59}.Debug|Any CPU.ActiveCfg = Debug|Any CPU
		{A93C4B1F-F36A-49BB-BFF4-544702A3AD59}.Debug|Any CPU.Build.0 = Debug|Any CPU
		{A93C4B1F-F36A-49BB-BFF4-544702A3AD59}.Debug|x64.ActiveCfg = Debug|Any CPU
		{A93C4B1F-F36A-49BB-BFF4-544702A3AD59}.Debug|x64.Build.0 = Debug|Any CPU
		{A93C4B1F-F36A-49BB-BFF4-544702A3AD59}.Release|Any CPU.ActiveCfg = Release|Any CPU
		{A93C4B1F-F36A-49BB-BFF4-544702A3AD59}.Release|Any CPU.Build.0 = Release|Any CPU
		{A93C4B1F-F36A-49BB-BFF4-544702A3AD59}.Release|x64.ActiveCfg = Release|Any CPU
		{A93C4B1F-F36A-49BB-BFF4-544702A3AD59}.Release|x64.Build.0 = Release|Any CPU
		{A0CD7941-8248-4DEE-B6C1-972995A9D511}.Debug|Any CPU.ActiveCfg = Debug|Any CPU
		{A0CD7941-8248-4DEE-B6C1-972995A9D511}.Debug|Any CPU.Build.0 = Debug|Any CPU
		{A0CD7941-8248-4DEE-B6C1-972995A9D511}.Debug|x64.ActiveCfg = Debug|Any CPU
		{A0CD7941-8248-4DEE-B6C1-972995A9D511}.Debug|x64.Build.0 = Debug|Any CPU
		{A0CD7941-8248-4DEE-B6C1-972995A9D511}.Release|Any CPU.ActiveCfg = Release|Any CPU
		{A0CD7941-8248-4DEE-B6C1-972995A9D511}.Release|Any CPU.Build.0 = Release|Any CPU
		{A0CD7941-8248-4DEE-B6C1-972995A9D511}.Release|x64.ActiveCfg = Release|Any CPU
		{A0CD7941-8248-4DEE-B6C1-972995A9D511}.Release|x64.Build.0 = Release|Any CPU
		{E3F0A3C7-2B10-48AB-B280-722F2039944C}.Debug|Any CPU.ActiveCfg = Debug|Any CPU
		{E3F0A3C7-2B10-48AB-B280-722F2039944C}.Debug|Any CPU.Build.0 = Debug|Any CPU
		{E3F0A3C7-2B10-48AB-B280-722F2039944C}.Debug|x64.ActiveCfg = Debug|Any CPU
		{E3F0A3C7-2B10-48AB-B280-722F2039944C}.Debug|x64.Build.0 = Debug|Any CPU
		{E3F0A3C7-2B10-48AB-B280-722F2039944C}.Release|Any CPU.ActiveCfg = Release|Any CPU
		{E3F0A3C7-2B10-48AB-B280-722F2039944C}.Release|Any CPU.Build.0 = Release|Any CPU
		{E3F0A3C7-2B10-48AB-B280-722F2039944C}.Release|x64.ActiveCfg = Release|Any CPU
		{E3F0A3C7-2B10-48AB-B280-722F2039944C}.Release|x64.Build.0 = Release|Any CPU
		{44DF105C-3615-4B15-AE72-7835C44A3864}.Debug|Any CPU.ActiveCfg = Debug|Any CPU
		{44DF105C-3615-4B15-AE72-7835C44A3864}.Debug|Any CPU.Build.0 = Debug|Any CPU
		{44DF105C-3615-4B15-AE72-7835C44A3864}.Debug|x64.ActiveCfg = Debug|Any CPU
		{44DF105C-3615-4B15-AE72-7835C44A3864}.Debug|x64.Build.0 = Debug|Any CPU
		{44DF105C-3615-4B15-AE72-7835C44A3864}.Release|Any CPU.ActiveCfg = Release|Any CPU
		{44DF105C-3615-4B15-AE72-7835C44A3864}.Release|Any CPU.Build.0 = Release|Any CPU
		{44DF105C-3615-4B15-AE72-7835C44A3864}.Release|x64.ActiveCfg = Release|Any CPU
		{44DF105C-3615-4B15-AE72-7835C44A3864}.Release|x64.Build.0 = Release|Any CPU
		{C62A01BB-F454-40D9-AC45-5CBA14B5E5A6}.Debug|Any CPU.ActiveCfg = Debug|Any CPU
		{C62A01BB-F454-40D9-AC45-5CBA14B5E5A6}.Debug|Any CPU.Build.0 = Debug|Any CPU
		{C62A01BB-F454-40D9-AC45-5CBA14B5E5A6}.Debug|x64.ActiveCfg = Debug|Any CPU
		{C62A01BB-F454-40D9-AC45-5CBA14B5E5A6}.Debug|x64.Build.0 = Debug|Any CPU
		{C62A01BB-F454-40D9-AC45-5CBA14B5E5A6}.Release|Any CPU.ActiveCfg = Release|Any CPU
		{C62A01BB-F454-40D9-AC45-5CBA14B5E5A6}.Release|Any CPU.Build.0 = Release|Any CPU
		{C62A01BB-F454-40D9-AC45-5CBA14B5E5A6}.Release|x64.ActiveCfg = Release|Any CPU
		{C62A01BB-F454-40D9-AC45-5CBA14B5E5A6}.Release|x64.Build.0 = Release|Any CPU
		{7A15E6B2-F299-4F07-8429-129119F4553C}.Debug|Any CPU.ActiveCfg = Debug|Any CPU
		{7A15E6B2-F299-4F07-8429-129119F4553C}.Debug|Any CPU.Build.0 = Debug|Any CPU
		{7A15E6B2-F299-4F07-8429-129119F4553C}.Debug|x64.ActiveCfg = Debug|Any CPU
		{7A15E6B2-F299-4F07-8429-129119F4553C}.Debug|x64.Build.0 = Debug|Any CPU
		{7A15E6B2-F299-4F07-8429-129119F4553C}.Release|Any CPU.ActiveCfg = Release|Any CPU
		{7A15E6B2-F299-4F07-8429-129119F4553C}.Release|Any CPU.Build.0 = Release|Any CPU
		{7A15E6B2-F299-4F07-8429-129119F4553C}.Release|x64.ActiveCfg = Release|Any CPU
		{7A15E6B2-F299-4F07-8429-129119F4553C}.Release|x64.Build.0 = Release|Any CPU
		{5C7C65FD-E104-4BDA-B7E5-4FC1BF0D2F16}.Debug|Any CPU.ActiveCfg = Debug|Any CPU
		{5C7C65FD-E104-4BDA-B7E5-4FC1BF0D2F16}.Debug|Any CPU.Build.0 = Debug|Any CPU
		{5C7C65FD-E104-4BDA-B7E5-4FC1BF0D2F16}.Debug|x64.ActiveCfg = Debug|Any CPU
		{5C7C65FD-E104-4BDA-B7E5-4FC1BF0D2F16}.Debug|x64.Build.0 = Debug|Any CPU
		{5C7C65FD-E104-4BDA-B7E5-4FC1BF0D2F16}.Release|Any CPU.ActiveCfg = Release|Any CPU
		{5C7C65FD-E104-4BDA-B7E5-4FC1BF0D2F16}.Release|Any CPU.Build.0 = Release|Any CPU
		{5C7C65FD-E104-4BDA-B7E5-4FC1BF0D2F16}.Release|x64.ActiveCfg = Release|Any CPU
		{5C7C65FD-E104-4BDA-B7E5-4FC1BF0D2F16}.Release|x64.Build.0 = Release|Any CPU
		{C8B631CB-F176-4921-B313-6E49A4AAC3AC}.Debug|Any CPU.ActiveCfg = Debug|Any CPU
		{C8B631CB-F176-4921-B313-6E49A4AAC3AC}.Debug|Any CPU.Build.0 = Debug|Any CPU
		{C8B631CB-F176-4921-B313-6E49A4AAC3AC}.Debug|x64.ActiveCfg = Debug|Any CPU
		{C8B631CB-F176-4921-B313-6E49A4AAC3AC}.Debug|x64.Build.0 = Debug|Any CPU
		{C8B631CB-F176-4921-B313-6E49A4AAC3AC}.Release|Any CPU.ActiveCfg = Release|Any CPU
		{C8B631CB-F176-4921-B313-6E49A4AAC3AC}.Release|Any CPU.Build.0 = Release|Any CPU
		{C8B631CB-F176-4921-B313-6E49A4AAC3AC}.Release|x64.ActiveCfg = Release|Any CPU
		{C8B631CB-F176-4921-B313-6E49A4AAC3AC}.Release|x64.Build.0 = Release|Any CPU
		{CD5A7945-D416-4DEE-8079-DF0B9B3652ED}.Debug|Any CPU.ActiveCfg = Debug|Any CPU
		{CD5A7945-D416-4DEE-8079-DF0B9B3652ED}.Debug|Any CPU.Build.0 = Debug|Any CPU
		{CD5A7945-D416-4DEE-8079-DF0B9B3652ED}.Debug|x64.ActiveCfg = Debug|Any CPU
		{CD5A7945-D416-4DEE-8079-DF0B9B3652ED}.Debug|x64.Build.0 = Debug|Any CPU
		{CD5A7945-D416-4DEE-8079-DF0B9B3652ED}.Release|Any CPU.ActiveCfg = Release|Any CPU
		{CD5A7945-D416-4DEE-8079-DF0B9B3652ED}.Release|Any CPU.Build.0 = Release|Any CPU
		{CD5A7945-D416-4DEE-8079-DF0B9B3652ED}.Release|x64.ActiveCfg = Release|Any CPU
		{CD5A7945-D416-4DEE-8079-DF0B9B3652ED}.Release|x64.Build.0 = Release|Any CPU
		{D169A104-9372-4DB4-AF39-B511087885A0}.Debug|Any CPU.ActiveCfg = Debug|Any CPU
		{D169A104-9372-4DB4-AF39-B511087885A0}.Debug|Any CPU.Build.0 = Debug|Any CPU
		{D169A104-9372-4DB4-AF39-B511087885A0}.Debug|x64.ActiveCfg = Debug|Any CPU
		{D169A104-9372-4DB4-AF39-B511087885A0}.Debug|x64.Build.0 = Debug|Any CPU
		{D169A104-9372-4DB4-AF39-B511087885A0}.Release|Any CPU.ActiveCfg = Release|Any CPU
		{D169A104-9372-4DB4-AF39-B511087885A0}.Release|Any CPU.Build.0 = Release|Any CPU
		{D169A104-9372-4DB4-AF39-B511087885A0}.Release|x64.ActiveCfg = Release|Any CPU
		{D169A104-9372-4DB4-AF39-B511087885A0}.Release|x64.Build.0 = Release|Any CPU
		{4348C222-7ADC-443D-BF67-CA86C5880A67}.Debug|Any CPU.ActiveCfg = Debug|Any CPU
		{4348C222-7ADC-443D-BF67-CA86C5880A67}.Debug|Any CPU.Build.0 = Debug|Any CPU
		{4348C222-7ADC-443D-BF67-CA86C5880A67}.Debug|x64.ActiveCfg = Debug|Any CPU
		{4348C222-7ADC-443D-BF67-CA86C5880A67}.Debug|x64.Build.0 = Debug|Any CPU
		{4348C222-7ADC-443D-BF67-CA86C5880A67}.Release|Any CPU.ActiveCfg = Release|Any CPU
		{4348C222-7ADC-443D-BF67-CA86C5880A67}.Release|Any CPU.Build.0 = Release|Any CPU
		{4348C222-7ADC-443D-BF67-CA86C5880A67}.Release|x64.ActiveCfg = Release|Any CPU
		{4348C222-7ADC-443D-BF67-CA86C5880A67}.Release|x64.Build.0 = Release|Any CPU
		{EE9F711D-7F07-4B0A-BE1B-9331D6DF2CB0}.Debug|Any CPU.ActiveCfg = Debug|Any CPU
		{EE9F711D-7F07-4B0A-BE1B-9331D6DF2CB0}.Debug|Any CPU.Build.0 = Debug|Any CPU
		{EE9F711D-7F07-4B0A-BE1B-9331D6DF2CB0}.Debug|x64.ActiveCfg = Debug|Any CPU
		{EE9F711D-7F07-4B0A-BE1B-9331D6DF2CB0}.Debug|x64.Build.0 = Debug|Any CPU
		{EE9F711D-7F07-4B0A-BE1B-9331D6DF2CB0}.Release|Any CPU.ActiveCfg = Release|Any CPU
		{EE9F711D-7F07-4B0A-BE1B-9331D6DF2CB0}.Release|Any CPU.Build.0 = Release|Any CPU
		{EE9F711D-7F07-4B0A-BE1B-9331D6DF2CB0}.Release|x64.ActiveCfg = Release|Any CPU
		{EE9F711D-7F07-4B0A-BE1B-9331D6DF2CB0}.Release|x64.Build.0 = Release|Any CPU
		{6FAF2ED2-38B1-46C7-83F1-B909D260D70E}.Debug|Any CPU.ActiveCfg = Debug|Any CPU
		{6FAF2ED2-38B1-46C7-83F1-B909D260D70E}.Debug|Any CPU.Build.0 = Debug|Any CPU
		{6FAF2ED2-38B1-46C7-83F1-B909D260D70E}.Debug|x64.ActiveCfg = Debug|Any CPU
		{6FAF2ED2-38B1-46C7-83F1-B909D260D70E}.Debug|x64.Build.0 = Debug|Any CPU
		{6FAF2ED2-38B1-46C7-83F1-B909D260D70E}.Release|Any CPU.ActiveCfg = Release|Any CPU
		{6FAF2ED2-38B1-46C7-83F1-B909D260D70E}.Release|Any CPU.Build.0 = Release|Any CPU
		{6FAF2ED2-38B1-46C7-83F1-B909D260D70E}.Release|x64.ActiveCfg = Release|Any CPU
		{6FAF2ED2-38B1-46C7-83F1-B909D260D70E}.Release|x64.Build.0 = Release|Any CPU
		{41B3DE8D-F7B2-44E0-AD35-971140F49E81}.Debug|Any CPU.ActiveCfg = Debug|Any CPU
		{41B3DE8D-F7B2-44E0-AD35-971140F49E81}.Debug|Any CPU.Build.0 = Debug|Any CPU
		{41B3DE8D-F7B2-44E0-AD35-971140F49E81}.Debug|x64.ActiveCfg = Debug|Any CPU
		{41B3DE8D-F7B2-44E0-AD35-971140F49E81}.Debug|x64.Build.0 = Debug|Any CPU
		{41B3DE8D-F7B2-44E0-AD35-971140F49E81}.Release|Any CPU.ActiveCfg = Release|Any CPU
		{41B3DE8D-F7B2-44E0-AD35-971140F49E81}.Release|Any CPU.Build.0 = Release|Any CPU
		{41B3DE8D-F7B2-44E0-AD35-971140F49E81}.Release|x64.ActiveCfg = Release|Any CPU
		{41B3DE8D-F7B2-44E0-AD35-971140F49E81}.Release|x64.Build.0 = Release|Any CPU
		{AFB08FA2-C6C6-4759-8117-E1CD44E1BCD9}.Debug|Any CPU.ActiveCfg = Debug|Any CPU
		{AFB08FA2-C6C6-4759-8117-E1CD44E1BCD9}.Debug|Any CPU.Build.0 = Debug|Any CPU
		{AFB08FA2-C6C6-4759-8117-E1CD44E1BCD9}.Debug|x64.ActiveCfg = Debug|Any CPU
		{AFB08FA2-C6C6-4759-8117-E1CD44E1BCD9}.Debug|x64.Build.0 = Debug|Any CPU
		{AFB08FA2-C6C6-4759-8117-E1CD44E1BCD9}.Release|Any CPU.ActiveCfg = Release|Any CPU
		{AFB08FA2-C6C6-4759-8117-E1CD44E1BCD9}.Release|Any CPU.Build.0 = Release|Any CPU
		{AFB08FA2-C6C6-4759-8117-E1CD44E1BCD9}.Release|x64.ActiveCfg = Release|Any CPU
		{AFB08FA2-C6C6-4759-8117-E1CD44E1BCD9}.Release|x64.Build.0 = Release|Any CPU
		{572F74CB-7DE5-45DE-AF20-71858721C9DA}.Debug|Any CPU.ActiveCfg = Debug|Any CPU
		{572F74CB-7DE5-45DE-AF20-71858721C9DA}.Debug|Any CPU.Build.0 = Debug|Any CPU
		{572F74CB-7DE5-45DE-AF20-71858721C9DA}.Debug|x64.ActiveCfg = Debug|Any CPU
		{572F74CB-7DE5-45DE-AF20-71858721C9DA}.Debug|x64.Build.0 = Debug|Any CPU
		{572F74CB-7DE5-45DE-AF20-71858721C9DA}.Release|Any CPU.ActiveCfg = Release|Any CPU
		{572F74CB-7DE5-45DE-AF20-71858721C9DA}.Release|Any CPU.Build.0 = Release|Any CPU
		{572F74CB-7DE5-45DE-AF20-71858721C9DA}.Release|x64.ActiveCfg = Release|Any CPU
		{572F74CB-7DE5-45DE-AF20-71858721C9DA}.Release|x64.Build.0 = Release|Any CPU
		{F291429A-188A-4245-8504-9ABA25C7EDC3}.Debug|Any CPU.ActiveCfg = Debug|Any CPU
		{F291429A-188A-4245-8504-9ABA25C7EDC3}.Debug|Any CPU.Build.0 = Debug|Any CPU
		{F291429A-188A-4245-8504-9ABA25C7EDC3}.Debug|x64.ActiveCfg = Debug|Any CPU
		{F291429A-188A-4245-8504-9ABA25C7EDC3}.Debug|x64.Build.0 = Debug|Any CPU
		{F291429A-188A-4245-8504-9ABA25C7EDC3}.Release|Any CPU.ActiveCfg = Release|Any CPU
		{F291429A-188A-4245-8504-9ABA25C7EDC3}.Release|Any CPU.Build.0 = Release|Any CPU
		{F291429A-188A-4245-8504-9ABA25C7EDC3}.Release|x64.ActiveCfg = Release|Any CPU
		{F291429A-188A-4245-8504-9ABA25C7EDC3}.Release|x64.Build.0 = Release|Any CPU
		{EBE99671-0F0C-4024-8761-15905EBBF786}.Debug|Any CPU.ActiveCfg = Debug|Any CPU
		{EBE99671-0F0C-4024-8761-15905EBBF786}.Debug|Any CPU.Build.0 = Debug|Any CPU
		{EBE99671-0F0C-4024-8761-15905EBBF786}.Debug|x64.ActiveCfg = Debug|Any CPU
		{EBE99671-0F0C-4024-8761-15905EBBF786}.Debug|x64.Build.0 = Debug|Any CPU
		{EBE99671-0F0C-4024-8761-15905EBBF786}.Release|Any CPU.ActiveCfg = Release|Any CPU
		{EBE99671-0F0C-4024-8761-15905EBBF786}.Release|Any CPU.Build.0 = Release|Any CPU
		{EBE99671-0F0C-4024-8761-15905EBBF786}.Release|x64.ActiveCfg = Release|Any CPU
		{EBE99671-0F0C-4024-8761-15905EBBF786}.Release|x64.Build.0 = Release|Any CPU
		{6008820E-E19A-4011-8314-CAEABB994834}.Debug|Any CPU.ActiveCfg = Debug|Any CPU
		{6008820E-E19A-4011-8314-CAEABB994834}.Debug|Any CPU.Build.0 = Debug|Any CPU
		{6008820E-E19A-4011-8314-CAEABB994834}.Debug|x64.ActiveCfg = Debug|Any CPU
		{6008820E-E19A-4011-8314-CAEABB994834}.Debug|x64.Build.0 = Debug|Any CPU
		{6008820E-E19A-4011-8314-CAEABB994834}.Release|Any CPU.ActiveCfg = Release|Any CPU
		{6008820E-E19A-4011-8314-CAEABB994834}.Release|Any CPU.Build.0 = Release|Any CPU
		{6008820E-E19A-4011-8314-CAEABB994834}.Release|x64.ActiveCfg = Release|Any CPU
		{6008820E-E19A-4011-8314-CAEABB994834}.Release|x64.Build.0 = Release|Any CPU
		{2A814EA3-5BCB-448E-85B2-936B4B6E2E4A}.Debug|Any CPU.ActiveCfg = Debug|Any CPU
		{2A814EA3-5BCB-448E-85B2-936B4B6E2E4A}.Debug|Any CPU.Build.0 = Debug|Any CPU
		{2A814EA3-5BCB-448E-85B2-936B4B6E2E4A}.Debug|x64.ActiveCfg = Debug|Any CPU
		{2A814EA3-5BCB-448E-85B2-936B4B6E2E4A}.Debug|x64.Build.0 = Debug|Any CPU
		{2A814EA3-5BCB-448E-85B2-936B4B6E2E4A}.Release|Any CPU.ActiveCfg = Release|Any CPU
		{2A814EA3-5BCB-448E-85B2-936B4B6E2E4A}.Release|Any CPU.Build.0 = Release|Any CPU
		{2A814EA3-5BCB-448E-85B2-936B4B6E2E4A}.Release|x64.ActiveCfg = Release|Any CPU
		{2A814EA3-5BCB-448E-85B2-936B4B6E2E4A}.Release|x64.Build.0 = Release|Any CPU
		{8E0311DE-1766-4588-A790-8A21BE1769FB}.Debug|Any CPU.ActiveCfg = Debug|Any CPU
		{8E0311DE-1766-4588-A790-8A21BE1769FB}.Debug|Any CPU.Build.0 = Debug|Any CPU
		{8E0311DE-1766-4588-A790-8A21BE1769FB}.Debug|x64.ActiveCfg = Debug|Any CPU
		{8E0311DE-1766-4588-A790-8A21BE1769FB}.Debug|x64.Build.0 = Debug|Any CPU
		{8E0311DE-1766-4588-A790-8A21BE1769FB}.Release|Any CPU.ActiveCfg = Release|Any CPU
		{8E0311DE-1766-4588-A790-8A21BE1769FB}.Release|Any CPU.Build.0 = Release|Any CPU
		{8E0311DE-1766-4588-A790-8A21BE1769FB}.Release|x64.ActiveCfg = Release|Any CPU
		{8E0311DE-1766-4588-A790-8A21BE1769FB}.Release|x64.Build.0 = Release|Any CPU
		{FB53565D-8A75-4A8D-9DBA-F3F260D714CE}.Debug|Any CPU.ActiveCfg = Debug|Any CPU
		{FB53565D-8A75-4A8D-9DBA-F3F260D714CE}.Debug|Any CPU.Build.0 = Debug|Any CPU
		{FB53565D-8A75-4A8D-9DBA-F3F260D714CE}.Debug|x64.ActiveCfg = Debug|Any CPU
		{FB53565D-8A75-4A8D-9DBA-F3F260D714CE}.Debug|x64.Build.0 = Debug|Any CPU
		{FB53565D-8A75-4A8D-9DBA-F3F260D714CE}.Release|Any CPU.ActiveCfg = Release|Any CPU
		{FB53565D-8A75-4A8D-9DBA-F3F260D714CE}.Release|Any CPU.Build.0 = Release|Any CPU
		{FB53565D-8A75-4A8D-9DBA-F3F260D714CE}.Release|x64.ActiveCfg = Release|Any CPU
		{FB53565D-8A75-4A8D-9DBA-F3F260D714CE}.Release|x64.Build.0 = Release|Any CPU
		{852705B7-607D-4591-8359-860D3DD2B6A9}.Debug|Any CPU.ActiveCfg = Debug|Any CPU
		{852705B7-607D-4591-8359-860D3DD2B6A9}.Debug|Any CPU.Build.0 = Debug|Any CPU
		{852705B7-607D-4591-8359-860D3DD2B6A9}.Debug|x64.ActiveCfg = Debug|Any CPU
		{852705B7-607D-4591-8359-860D3DD2B6A9}.Debug|x64.Build.0 = Debug|Any CPU
		{852705B7-607D-4591-8359-860D3DD2B6A9}.Release|Any CPU.ActiveCfg = Release|Any CPU
		{852705B7-607D-4591-8359-860D3DD2B6A9}.Release|Any CPU.Build.0 = Release|Any CPU
		{852705B7-607D-4591-8359-860D3DD2B6A9}.Release|x64.ActiveCfg = Release|Any CPU
		{852705B7-607D-4591-8359-860D3DD2B6A9}.Release|x64.Build.0 = Release|Any CPU
		{7901BF97-3A58-4D80-B99F-FE9D41AB4729}.Debug|Any CPU.ActiveCfg = Debug|Any CPU
		{7901BF97-3A58-4D80-B99F-FE9D41AB4729}.Debug|Any CPU.Build.0 = Debug|Any CPU
		{7901BF97-3A58-4D80-B99F-FE9D41AB4729}.Debug|x64.ActiveCfg = Debug|Any CPU
		{7901BF97-3A58-4D80-B99F-FE9D41AB4729}.Debug|x64.Build.0 = Debug|Any CPU
		{7901BF97-3A58-4D80-B99F-FE9D41AB4729}.Release|Any CPU.ActiveCfg = Release|Any CPU
		{7901BF97-3A58-4D80-B99F-FE9D41AB4729}.Release|Any CPU.Build.0 = Release|Any CPU
		{7901BF97-3A58-4D80-B99F-FE9D41AB4729}.Release|x64.ActiveCfg = Release|Any CPU
		{7901BF97-3A58-4D80-B99F-FE9D41AB4729}.Release|x64.Build.0 = Release|Any CPU
		{E1E2954F-20ED-4AA1-9922-3120D543270A}.Debug|Any CPU.ActiveCfg = Debug|Any CPU
		{E1E2954F-20ED-4AA1-9922-3120D543270A}.Debug|Any CPU.Build.0 = Debug|Any CPU
		{E1E2954F-20ED-4AA1-9922-3120D543270A}.Debug|x64.ActiveCfg = Debug|x64
		{E1E2954F-20ED-4AA1-9922-3120D543270A}.Debug|x64.Build.0 = Debug|x64
		{E1E2954F-20ED-4AA1-9922-3120D543270A}.Release|Any CPU.ActiveCfg = Release|Any CPU
		{E1E2954F-20ED-4AA1-9922-3120D543270A}.Release|Any CPU.Build.0 = Release|Any CPU
		{E1E2954F-20ED-4AA1-9922-3120D543270A}.Release|x64.ActiveCfg = Release|x64
		{E1E2954F-20ED-4AA1-9922-3120D543270A}.Release|x64.Build.0 = Release|x64
		{757ACBB0-6CDC-40C8-9A79-4C52B3479939}.Debug|Any CPU.ActiveCfg = Debug|Any CPU
		{757ACBB0-6CDC-40C8-9A79-4C52B3479939}.Debug|Any CPU.Build.0 = Debug|Any CPU
		{757ACBB0-6CDC-40C8-9A79-4C52B3479939}.Debug|x64.ActiveCfg = Debug|Any CPU
		{757ACBB0-6CDC-40C8-9A79-4C52B3479939}.Debug|x64.Build.0 = Debug|Any CPU
		{757ACBB0-6CDC-40C8-9A79-4C52B3479939}.Release|Any CPU.ActiveCfg = Release|Any CPU
		{757ACBB0-6CDC-40C8-9A79-4C52B3479939}.Release|Any CPU.Build.0 = Release|Any CPU
		{757ACBB0-6CDC-40C8-9A79-4C52B3479939}.Release|x64.ActiveCfg = Release|Any CPU
		{757ACBB0-6CDC-40C8-9A79-4C52B3479939}.Release|x64.Build.0 = Release|Any CPU
		{386DBCE3-3B33-4CA1-97B2-B829836969A7}.Debug|Any CPU.ActiveCfg = Debug|Any CPU
		{386DBCE3-3B33-4CA1-97B2-B829836969A7}.Debug|Any CPU.Build.0 = Debug|Any CPU
		{386DBCE3-3B33-4CA1-97B2-B829836969A7}.Debug|x64.ActiveCfg = Debug|Any CPU
		{386DBCE3-3B33-4CA1-97B2-B829836969A7}.Debug|x64.Build.0 = Debug|Any CPU
		{386DBCE3-3B33-4CA1-97B2-B829836969A7}.Release|Any CPU.ActiveCfg = Release|Any CPU
		{386DBCE3-3B33-4CA1-97B2-B829836969A7}.Release|Any CPU.Build.0 = Release|Any CPU
		{386DBCE3-3B33-4CA1-97B2-B829836969A7}.Release|x64.ActiveCfg = Release|Any CPU
		{386DBCE3-3B33-4CA1-97B2-B829836969A7}.Release|x64.Build.0 = Release|Any CPU
		{11865290-2C16-44F3-885B-35C01F8EB7B6}.Debug|Any CPU.ActiveCfg = Debug|Any CPU
		{11865290-2C16-44F3-885B-35C01F8EB7B6}.Debug|Any CPU.Build.0 = Debug|Any CPU
		{11865290-2C16-44F3-885B-35C01F8EB7B6}.Debug|x64.ActiveCfg = Debug|Any CPU
		{11865290-2C16-44F3-885B-35C01F8EB7B6}.Debug|x64.Build.0 = Debug|Any CPU
		{11865290-2C16-44F3-885B-35C01F8EB7B6}.Release|Any CPU.ActiveCfg = Release|Any CPU
		{11865290-2C16-44F3-885B-35C01F8EB7B6}.Release|Any CPU.Build.0 = Release|Any CPU
		{11865290-2C16-44F3-885B-35C01F8EB7B6}.Release|x64.ActiveCfg = Release|Any CPU
		{11865290-2C16-44F3-885B-35C01F8EB7B6}.Release|x64.Build.0 = Release|Any CPU
		{A86130C5-D9DD-4B60-9D60-666B7E8593D3}.Debug|Any CPU.ActiveCfg = Debug|Any CPU
		{A86130C5-D9DD-4B60-9D60-666B7E8593D3}.Debug|Any CPU.Build.0 = Debug|Any CPU
		{A86130C5-D9DD-4B60-9D60-666B7E8593D3}.Debug|x64.ActiveCfg = Debug|Any CPU
		{A86130C5-D9DD-4B60-9D60-666B7E8593D3}.Debug|x64.Build.0 = Debug|Any CPU
		{A86130C5-D9DD-4B60-9D60-666B7E8593D3}.Release|Any CPU.ActiveCfg = Release|Any CPU
		{A86130C5-D9DD-4B60-9D60-666B7E8593D3}.Release|Any CPU.Build.0 = Release|Any CPU
		{A86130C5-D9DD-4B60-9D60-666B7E8593D3}.Release|x64.ActiveCfg = Release|Any CPU
		{A86130C5-D9DD-4B60-9D60-666B7E8593D3}.Release|x64.Build.0 = Release|Any CPU
		{8A851EF7-2B1D-4A82-A5B9-EF1A96BFE693}.Debug|Any CPU.ActiveCfg = Debug|Any CPU
		{8A851EF7-2B1D-4A82-A5B9-EF1A96BFE693}.Debug|Any CPU.Build.0 = Debug|Any CPU
		{8A851EF7-2B1D-4A82-A5B9-EF1A96BFE693}.Debug|x64.ActiveCfg = Debug|Any CPU
		{8A851EF7-2B1D-4A82-A5B9-EF1A96BFE693}.Debug|x64.Build.0 = Debug|Any CPU
		{8A851EF7-2B1D-4A82-A5B9-EF1A96BFE693}.Release|Any CPU.ActiveCfg = Release|Any CPU
		{8A851EF7-2B1D-4A82-A5B9-EF1A96BFE693}.Release|Any CPU.Build.0 = Release|Any CPU
		{8A851EF7-2B1D-4A82-A5B9-EF1A96BFE693}.Release|x64.ActiveCfg = Release|Any CPU
		{8A851EF7-2B1D-4A82-A5B9-EF1A96BFE693}.Release|x64.Build.0 = Release|Any CPU
		{17819CBB-E56C-4DD8-A762-2037F2C2C388}.Debug|Any CPU.ActiveCfg = Debug|Any CPU
		{17819CBB-E56C-4DD8-A762-2037F2C2C388}.Debug|Any CPU.Build.0 = Debug|Any CPU
		{17819CBB-E56C-4DD8-A762-2037F2C2C388}.Debug|x64.ActiveCfg = Debug|Any CPU
		{17819CBB-E56C-4DD8-A762-2037F2C2C388}.Debug|x64.Build.0 = Debug|Any CPU
		{17819CBB-E56C-4DD8-A762-2037F2C2C388}.Release|Any CPU.ActiveCfg = Release|Any CPU
		{17819CBB-E56C-4DD8-A762-2037F2C2C388}.Release|Any CPU.Build.0 = Release|Any CPU
		{17819CBB-E56C-4DD8-A762-2037F2C2C388}.Release|x64.ActiveCfg = Release|Any CPU
		{17819CBB-E56C-4DD8-A762-2037F2C2C388}.Release|x64.Build.0 = Release|Any CPU
		{4AB96380-C0D3-4746-87FF-D5FF0AFF1AE3}.Debug|Any CPU.ActiveCfg = Debug|Any CPU
		{4AB96380-C0D3-4746-87FF-D5FF0AFF1AE3}.Debug|Any CPU.Build.0 = Debug|Any CPU
		{4AB96380-C0D3-4746-87FF-D5FF0AFF1AE3}.Debug|x64.ActiveCfg = Debug|Any CPU
		{4AB96380-C0D3-4746-87FF-D5FF0AFF1AE3}.Debug|x64.Build.0 = Debug|Any CPU
		{4AB96380-C0D3-4746-87FF-D5FF0AFF1AE3}.Release|Any CPU.ActiveCfg = Release|Any CPU
		{4AB96380-C0D3-4746-87FF-D5FF0AFF1AE3}.Release|Any CPU.Build.0 = Release|Any CPU
		{4AB96380-C0D3-4746-87FF-D5FF0AFF1AE3}.Release|x64.ActiveCfg = Release|Any CPU
		{4AB96380-C0D3-4746-87FF-D5FF0AFF1AE3}.Release|x64.Build.0 = Release|Any CPU
		{75442E3B-E8FD-4B36-BA0B-7113005E5D11}.Debug|Any CPU.ActiveCfg = Debug|Any CPU
		{75442E3B-E8FD-4B36-BA0B-7113005E5D11}.Debug|Any CPU.Build.0 = Debug|Any CPU
		{75442E3B-E8FD-4B36-BA0B-7113005E5D11}.Debug|x64.ActiveCfg = Debug|Any CPU
		{75442E3B-E8FD-4B36-BA0B-7113005E5D11}.Debug|x64.Build.0 = Debug|Any CPU
		{75442E3B-E8FD-4B36-BA0B-7113005E5D11}.Release|Any CPU.ActiveCfg = Release|Any CPU
		{75442E3B-E8FD-4B36-BA0B-7113005E5D11}.Release|Any CPU.Build.0 = Release|Any CPU
		{75442E3B-E8FD-4B36-BA0B-7113005E5D11}.Release|x64.ActiveCfg = Release|Any CPU
		{75442E3B-E8FD-4B36-BA0B-7113005E5D11}.Release|x64.Build.0 = Release|Any CPU
		{F1D3C3A7-247D-4537-A9DE-C5988AF7EAFD}.Debug|Any CPU.ActiveCfg = Debug|Any CPU
		{F1D3C3A7-247D-4537-A9DE-C5988AF7EAFD}.Debug|Any CPU.Build.0 = Debug|Any CPU
		{F1D3C3A7-247D-4537-A9DE-C5988AF7EAFD}.Debug|x64.ActiveCfg = Debug|Any CPU
		{F1D3C3A7-247D-4537-A9DE-C5988AF7EAFD}.Debug|x64.Build.0 = Debug|Any CPU
		{F1D3C3A7-247D-4537-A9DE-C5988AF7EAFD}.Release|Any CPU.ActiveCfg = Release|Any CPU
		{F1D3C3A7-247D-4537-A9DE-C5988AF7EAFD}.Release|Any CPU.Build.0 = Release|Any CPU
		{F1D3C3A7-247D-4537-A9DE-C5988AF7EAFD}.Release|x64.ActiveCfg = Release|Any CPU
		{F1D3C3A7-247D-4537-A9DE-C5988AF7EAFD}.Release|x64.Build.0 = Release|Any CPU
		{32AA74DF-D75A-44B7-9BFD-F48BE66247CB}.Debug|Any CPU.ActiveCfg = Debug|Any CPU
		{32AA74DF-D75A-44B7-9BFD-F48BE66247CB}.Debug|Any CPU.Build.0 = Debug|Any CPU
		{32AA74DF-D75A-44B7-9BFD-F48BE66247CB}.Debug|x64.ActiveCfg = Debug|Any CPU
		{32AA74DF-D75A-44B7-9BFD-F48BE66247CB}.Debug|x64.Build.0 = Debug|Any CPU
		{32AA74DF-D75A-44B7-9BFD-F48BE66247CB}.Release|Any CPU.ActiveCfg = Release|Any CPU
		{32AA74DF-D75A-44B7-9BFD-F48BE66247CB}.Release|Any CPU.Build.0 = Release|Any CPU
		{32AA74DF-D75A-44B7-9BFD-F48BE66247CB}.Release|x64.ActiveCfg = Release|Any CPU
		{32AA74DF-D75A-44B7-9BFD-F48BE66247CB}.Release|x64.Build.0 = Release|Any CPU
		{BC20D582-EBEF-4FC4-832C-49EC814CF9A9}.Debug|Any CPU.ActiveCfg = Debug|Any CPU
		{BC20D582-EBEF-4FC4-832C-49EC814CF9A9}.Debug|Any CPU.Build.0 = Debug|Any CPU
		{BC20D582-EBEF-4FC4-832C-49EC814CF9A9}.Debug|x64.ActiveCfg = Debug|Any CPU
		{BC20D582-EBEF-4FC4-832C-49EC814CF9A9}.Debug|x64.Build.0 = Debug|Any CPU
		{BC20D582-EBEF-4FC4-832C-49EC814CF9A9}.Release|Any CPU.ActiveCfg = Release|Any CPU
		{BC20D582-EBEF-4FC4-832C-49EC814CF9A9}.Release|Any CPU.Build.0 = Release|Any CPU
		{BC20D582-EBEF-4FC4-832C-49EC814CF9A9}.Release|x64.ActiveCfg = Release|Any CPU
		{BC20D582-EBEF-4FC4-832C-49EC814CF9A9}.Release|x64.Build.0 = Release|Any CPU
		{673A34A5-8C67-4909-885F-BD47AF0F58A4}.Debug|Any CPU.ActiveCfg = Debug|Any CPU
		{673A34A5-8C67-4909-885F-BD47AF0F58A4}.Debug|Any CPU.Build.0 = Debug|Any CPU
		{673A34A5-8C67-4909-885F-BD47AF0F58A4}.Debug|x64.ActiveCfg = Debug|Any CPU
		{673A34A5-8C67-4909-885F-BD47AF0F58A4}.Debug|x64.Build.0 = Debug|Any CPU
		{673A34A5-8C67-4909-885F-BD47AF0F58A4}.Release|Any CPU.ActiveCfg = Release|Any CPU
		{673A34A5-8C67-4909-885F-BD47AF0F58A4}.Release|Any CPU.Build.0 = Release|Any CPU
		{673A34A5-8C67-4909-885F-BD47AF0F58A4}.Release|x64.ActiveCfg = Release|Any CPU
		{673A34A5-8C67-4909-885F-BD47AF0F58A4}.Release|x64.Build.0 = Release|Any CPU
		{403509B6-B74A-4E42-A044-EDC8F31DDF6D}.Debug|Any CPU.ActiveCfg = Debug|Any CPU
		{403509B6-B74A-4E42-A044-EDC8F31DDF6D}.Debug|Any CPU.Build.0 = Debug|Any CPU
		{403509B6-B74A-4E42-A044-EDC8F31DDF6D}.Debug|x64.ActiveCfg = Debug|Any CPU
		{403509B6-B74A-4E42-A044-EDC8F31DDF6D}.Debug|x64.Build.0 = Debug|Any CPU
		{403509B6-B74A-4E42-A044-EDC8F31DDF6D}.Release|Any CPU.ActiveCfg = Release|Any CPU
		{403509B6-B74A-4E42-A044-EDC8F31DDF6D}.Release|Any CPU.Build.0 = Release|Any CPU
		{403509B6-B74A-4E42-A044-EDC8F31DDF6D}.Release|x64.ActiveCfg = Release|Any CPU
		{403509B6-B74A-4E42-A044-EDC8F31DDF6D}.Release|x64.Build.0 = Release|Any CPU
		{A0146C0E-B33C-49F6-A8FC-94EC67193A03}.Debug|Any CPU.ActiveCfg = Debug|Any CPU
		{A0146C0E-B33C-49F6-A8FC-94EC67193A03}.Debug|Any CPU.Build.0 = Debug|Any CPU
		{A0146C0E-B33C-49F6-A8FC-94EC67193A03}.Debug|x64.ActiveCfg = Debug|Any CPU
		{A0146C0E-B33C-49F6-A8FC-94EC67193A03}.Debug|x64.Build.0 = Debug|Any CPU
		{A0146C0E-B33C-49F6-A8FC-94EC67193A03}.Release|Any CPU.ActiveCfg = Release|Any CPU
		{A0146C0E-B33C-49F6-A8FC-94EC67193A03}.Release|Any CPU.Build.0 = Release|Any CPU
		{A0146C0E-B33C-49F6-A8FC-94EC67193A03}.Release|x64.ActiveCfg = Release|Any CPU
		{A0146C0E-B33C-49F6-A8FC-94EC67193A03}.Release|x64.Build.0 = Release|Any CPU
		{32A38583-1944-4542-8424-4427D16491FE}.Debug|Any CPU.ActiveCfg = Debug|Any CPU
		{32A38583-1944-4542-8424-4427D16491FE}.Debug|Any CPU.Build.0 = Debug|Any CPU
		{32A38583-1944-4542-8424-4427D16491FE}.Debug|x64.ActiveCfg = Debug|Any CPU
		{32A38583-1944-4542-8424-4427D16491FE}.Debug|x64.Build.0 = Debug|Any CPU
		{32A38583-1944-4542-8424-4427D16491FE}.Release|Any CPU.ActiveCfg = Release|Any CPU
		{32A38583-1944-4542-8424-4427D16491FE}.Release|Any CPU.Build.0 = Release|Any CPU
		{32A38583-1944-4542-8424-4427D16491FE}.Release|x64.ActiveCfg = Release|Any CPU
		{32A38583-1944-4542-8424-4427D16491FE}.Release|x64.Build.0 = Release|Any CPU
		{CAE3975F-26E7-4F0B-A5F3-DD070BA37142}.Debug|Any CPU.ActiveCfg = Debug|Any CPU
		{CAE3975F-26E7-4F0B-A5F3-DD070BA37142}.Debug|Any CPU.Build.0 = Debug|Any CPU
		{CAE3975F-26E7-4F0B-A5F3-DD070BA37142}.Debug|x64.ActiveCfg = Debug|Any CPU
		{CAE3975F-26E7-4F0B-A5F3-DD070BA37142}.Debug|x64.Build.0 = Debug|Any CPU
		{CAE3975F-26E7-4F0B-A5F3-DD070BA37142}.Release|Any CPU.ActiveCfg = Release|Any CPU
		{CAE3975F-26E7-4F0B-A5F3-DD070BA37142}.Release|Any CPU.Build.0 = Release|Any CPU
		{CAE3975F-26E7-4F0B-A5F3-DD070BA37142}.Release|x64.ActiveCfg = Release|Any CPU
		{CAE3975F-26E7-4F0B-A5F3-DD070BA37142}.Release|x64.Build.0 = Release|Any CPU
		{9AFC0B04-B4DC-4BAE-9C75-F6A2D9112DA8}.Debug|Any CPU.ActiveCfg = Debug|Any CPU
		{9AFC0B04-B4DC-4BAE-9C75-F6A2D9112DA8}.Debug|Any CPU.Build.0 = Debug|Any CPU
		{9AFC0B04-B4DC-4BAE-9C75-F6A2D9112DA8}.Debug|x64.ActiveCfg = Debug|Any CPU
		{9AFC0B04-B4DC-4BAE-9C75-F6A2D9112DA8}.Debug|x64.Build.0 = Debug|Any CPU
		{9AFC0B04-B4DC-4BAE-9C75-F6A2D9112DA8}.Release|Any CPU.ActiveCfg = Release|Any CPU
		{9AFC0B04-B4DC-4BAE-9C75-F6A2D9112DA8}.Release|Any CPU.Build.0 = Release|Any CPU
		{9AFC0B04-B4DC-4BAE-9C75-F6A2D9112DA8}.Release|x64.ActiveCfg = Release|Any CPU
		{9AFC0B04-B4DC-4BAE-9C75-F6A2D9112DA8}.Release|x64.Build.0 = Release|Any CPU
		{B0BE2A00-4B6C-4170-B159-EFE5EAA175DA}.Debug|Any CPU.ActiveCfg = Debug|Any CPU
		{B0BE2A00-4B6C-4170-B159-EFE5EAA175DA}.Debug|Any CPU.Build.0 = Debug|Any CPU
		{B0BE2A00-4B6C-4170-B159-EFE5EAA175DA}.Debug|x64.ActiveCfg = Debug|Any CPU
		{B0BE2A00-4B6C-4170-B159-EFE5EAA175DA}.Debug|x64.Build.0 = Debug|Any CPU
		{B0BE2A00-4B6C-4170-B159-EFE5EAA175DA}.Release|Any CPU.ActiveCfg = Release|Any CPU
		{B0BE2A00-4B6C-4170-B159-EFE5EAA175DA}.Release|Any CPU.Build.0 = Release|Any CPU
		{B0BE2A00-4B6C-4170-B159-EFE5EAA175DA}.Release|x64.ActiveCfg = Release|Any CPU
		{B0BE2A00-4B6C-4170-B159-EFE5EAA175DA}.Release|x64.Build.0 = Release|Any CPU
		{5F1AE666-CFDD-4BE7-9C24-1D505BC56BAE}.Debug|Any CPU.ActiveCfg = Debug|Any CPU
		{5F1AE666-CFDD-4BE7-9C24-1D505BC56BAE}.Debug|Any CPU.Build.0 = Debug|Any CPU
		{5F1AE666-CFDD-4BE7-9C24-1D505BC56BAE}.Debug|x64.ActiveCfg = Debug|x64
		{5F1AE666-CFDD-4BE7-9C24-1D505BC56BAE}.Debug|x64.Build.0 = Debug|x64
		{5F1AE666-CFDD-4BE7-9C24-1D505BC56BAE}.Release|Any CPU.ActiveCfg = Release|Any CPU
		{5F1AE666-CFDD-4BE7-9C24-1D505BC56BAE}.Release|Any CPU.Build.0 = Release|Any CPU
		{5F1AE666-CFDD-4BE7-9C24-1D505BC56BAE}.Release|x64.ActiveCfg = Release|x64
		{5F1AE666-CFDD-4BE7-9C24-1D505BC56BAE}.Release|x64.Build.0 = Release|x64
		{37CB1619-7451-41CB-91E1-8F473839631B}.Debug|Any CPU.ActiveCfg = Debug|Any CPU
		{37CB1619-7451-41CB-91E1-8F473839631B}.Debug|Any CPU.Build.0 = Debug|Any CPU
		{37CB1619-7451-41CB-91E1-8F473839631B}.Debug|x64.ActiveCfg = Debug|Any CPU
		{37CB1619-7451-41CB-91E1-8F473839631B}.Debug|x64.Build.0 = Debug|Any CPU
		{37CB1619-7451-41CB-91E1-8F473839631B}.Release|Any CPU.ActiveCfg = Release|Any CPU
		{37CB1619-7451-41CB-91E1-8F473839631B}.Release|Any CPU.Build.0 = Release|Any CPU
		{37CB1619-7451-41CB-91E1-8F473839631B}.Release|x64.ActiveCfg = Release|Any CPU
		{37CB1619-7451-41CB-91E1-8F473839631B}.Release|x64.Build.0 = Release|Any CPU
		{9738B985-8435-4D15-ADCE-817DFDD44D0C}.Debug|Any CPU.ActiveCfg = Debug|Any CPU
		{9738B985-8435-4D15-ADCE-817DFDD44D0C}.Debug|Any CPU.Build.0 = Debug|Any CPU
		{9738B985-8435-4D15-ADCE-817DFDD44D0C}.Debug|x64.ActiveCfg = Debug|Any CPU
		{9738B985-8435-4D15-ADCE-817DFDD44D0C}.Debug|x64.Build.0 = Debug|Any CPU
		{9738B985-8435-4D15-ADCE-817DFDD44D0C}.Release|Any CPU.ActiveCfg = Release|Any CPU
		{9738B985-8435-4D15-ADCE-817DFDD44D0C}.Release|Any CPU.Build.0 = Release|Any CPU
		{9738B985-8435-4D15-ADCE-817DFDD44D0C}.Release|x64.ActiveCfg = Release|Any CPU
		{9738B985-8435-4D15-ADCE-817DFDD44D0C}.Release|x64.Build.0 = Release|Any CPU
		{F079DF85-5F24-4159-915F-01302A9F3243}.Debug|Any CPU.ActiveCfg = Debug|Any CPU
		{F079DF85-5F24-4159-915F-01302A9F3243}.Debug|Any CPU.Build.0 = Debug|Any CPU
		{F079DF85-5F24-4159-915F-01302A9F3243}.Debug|x64.ActiveCfg = Debug|Any CPU
		{F079DF85-5F24-4159-915F-01302A9F3243}.Debug|x64.Build.0 = Debug|Any CPU
		{F079DF85-5F24-4159-915F-01302A9F3243}.Release|Any CPU.ActiveCfg = Release|Any CPU
		{F079DF85-5F24-4159-915F-01302A9F3243}.Release|Any CPU.Build.0 = Release|Any CPU
		{F079DF85-5F24-4159-915F-01302A9F3243}.Release|x64.ActiveCfg = Release|Any CPU
		{F079DF85-5F24-4159-915F-01302A9F3243}.Release|x64.Build.0 = Release|Any CPU
		{0B3404AE-F96A-4F5E-9798-1F9E77D030D2}.Debug|Any CPU.ActiveCfg = Debug|Any CPU
		{0B3404AE-F96A-4F5E-9798-1F9E77D030D2}.Debug|Any CPU.Build.0 = Debug|Any CPU
		{0B3404AE-F96A-4F5E-9798-1F9E77D030D2}.Debug|x64.ActiveCfg = Debug|Any CPU
		{0B3404AE-F96A-4F5E-9798-1F9E77D030D2}.Debug|x64.Build.0 = Debug|Any CPU
		{0B3404AE-F96A-4F5E-9798-1F9E77D030D2}.Release|Any CPU.ActiveCfg = Release|Any CPU
		{0B3404AE-F96A-4F5E-9798-1F9E77D030D2}.Release|Any CPU.Build.0 = Release|Any CPU
		{0B3404AE-F96A-4F5E-9798-1F9E77D030D2}.Release|x64.ActiveCfg = Release|Any CPU
		{0B3404AE-F96A-4F5E-9798-1F9E77D030D2}.Release|x64.Build.0 = Release|Any CPU
		{3F528630-8E37-4001-BCB9-71148D841127}.Debug|Any CPU.ActiveCfg = Debug|Any CPU
		{3F528630-8E37-4001-BCB9-71148D841127}.Debug|Any CPU.Build.0 = Debug|Any CPU
		{3F528630-8E37-4001-BCB9-71148D841127}.Debug|x64.ActiveCfg = Debug|Any CPU
		{3F528630-8E37-4001-BCB9-71148D841127}.Debug|x64.Build.0 = Debug|Any CPU
		{3F528630-8E37-4001-BCB9-71148D841127}.Release|Any CPU.ActiveCfg = Release|Any CPU
		{3F528630-8E37-4001-BCB9-71148D841127}.Release|Any CPU.Build.0 = Release|Any CPU
		{3F528630-8E37-4001-BCB9-71148D841127}.Release|x64.ActiveCfg = Release|Any CPU
		{3F528630-8E37-4001-BCB9-71148D841127}.Release|x64.Build.0 = Release|Any CPU
		{3B98CF6B-A295-485C-8ABC-64388BA995BE}.Debug|Any CPU.ActiveCfg = Debug|Any CPU
		{3B98CF6B-A295-485C-8ABC-64388BA995BE}.Debug|Any CPU.Build.0 = Debug|Any CPU
		{3B98CF6B-A295-485C-8ABC-64388BA995BE}.Debug|x64.ActiveCfg = Debug|Any CPU
		{3B98CF6B-A295-485C-8ABC-64388BA995BE}.Debug|x64.Build.0 = Debug|Any CPU
		{3B98CF6B-A295-485C-8ABC-64388BA995BE}.Release|Any CPU.ActiveCfg = Release|Any CPU
		{3B98CF6B-A295-485C-8ABC-64388BA995BE}.Release|Any CPU.Build.0 = Release|Any CPU
		{3B98CF6B-A295-485C-8ABC-64388BA995BE}.Release|x64.ActiveCfg = Release|Any CPU
		{3B98CF6B-A295-485C-8ABC-64388BA995BE}.Release|x64.Build.0 = Release|Any CPU
		{70B2E6F1-D38D-406F-BFBD-98301AE327CA}.Debug|Any CPU.ActiveCfg = Debug|Any CPU
		{70B2E6F1-D38D-406F-BFBD-98301AE327CA}.Debug|Any CPU.Build.0 = Debug|Any CPU
		{70B2E6F1-D38D-406F-BFBD-98301AE327CA}.Debug|x64.ActiveCfg = Debug|Any CPU
		{70B2E6F1-D38D-406F-BFBD-98301AE327CA}.Debug|x64.Build.0 = Debug|Any CPU
		{70B2E6F1-D38D-406F-BFBD-98301AE327CA}.Release|Any CPU.ActiveCfg = Release|Any CPU
		{70B2E6F1-D38D-406F-BFBD-98301AE327CA}.Release|Any CPU.Build.0 = Release|Any CPU
		{70B2E6F1-D38D-406F-BFBD-98301AE327CA}.Release|x64.ActiveCfg = Release|Any CPU
		{70B2E6F1-D38D-406F-BFBD-98301AE327CA}.Release|x64.Build.0 = Release|Any CPU
		{C7CD581C-8521-480A-BF30-034D7537C4AE}.Debug|Any CPU.ActiveCfg = Debug|Any CPU
		{C7CD581C-8521-480A-BF30-034D7537C4AE}.Debug|Any CPU.Build.0 = Debug|Any CPU
		{C7CD581C-8521-480A-BF30-034D7537C4AE}.Debug|x64.ActiveCfg = Debug|Any CPU
		{C7CD581C-8521-480A-BF30-034D7537C4AE}.Debug|x64.Build.0 = Debug|Any CPU
		{C7CD581C-8521-480A-BF30-034D7537C4AE}.Release|Any CPU.ActiveCfg = Release|Any CPU
		{C7CD581C-8521-480A-BF30-034D7537C4AE}.Release|Any CPU.Build.0 = Release|Any CPU
		{C7CD581C-8521-480A-BF30-034D7537C4AE}.Release|x64.ActiveCfg = Release|Any CPU
		{C7CD581C-8521-480A-BF30-034D7537C4AE}.Release|x64.Build.0 = Release|Any CPU
		{B744AA76-F785-4E85-8C68-450758FD55D0}.Debug|Any CPU.ActiveCfg = Debug|Any CPU
		{B744AA76-F785-4E85-8C68-450758FD55D0}.Debug|Any CPU.Build.0 = Debug|Any CPU
		{B744AA76-F785-4E85-8C68-450758FD55D0}.Debug|x64.ActiveCfg = Debug|Any CPU
		{B744AA76-F785-4E85-8C68-450758FD55D0}.Debug|x64.Build.0 = Debug|Any CPU
		{B744AA76-F785-4E85-8C68-450758FD55D0}.Release|Any CPU.ActiveCfg = Release|Any CPU
		{B744AA76-F785-4E85-8C68-450758FD55D0}.Release|Any CPU.Build.0 = Release|Any CPU
		{B744AA76-F785-4E85-8C68-450758FD55D0}.Release|x64.ActiveCfg = Release|Any CPU
		{B744AA76-F785-4E85-8C68-450758FD55D0}.Release|x64.Build.0 = Release|Any CPU
		{BA90E5D8-66F8-4340-8D03-FB8A8CC907AB}.Debug|Any CPU.ActiveCfg = Debug|Any CPU
		{BA90E5D8-66F8-4340-8D03-FB8A8CC907AB}.Debug|Any CPU.Build.0 = Debug|Any CPU
		{BA90E5D8-66F8-4340-8D03-FB8A8CC907AB}.Debug|x64.ActiveCfg = Debug|Any CPU
		{BA90E5D8-66F8-4340-8D03-FB8A8CC907AB}.Debug|x64.Build.0 = Debug|Any CPU
		{BA90E5D8-66F8-4340-8D03-FB8A8CC907AB}.Release|Any CPU.ActiveCfg = Release|Any CPU
		{BA90E5D8-66F8-4340-8D03-FB8A8CC907AB}.Release|Any CPU.Build.0 = Release|Any CPU
		{BA90E5D8-66F8-4340-8D03-FB8A8CC907AB}.Release|x64.ActiveCfg = Release|Any CPU
		{BA90E5D8-66F8-4340-8D03-FB8A8CC907AB}.Release|x64.Build.0 = Release|Any CPU
		{1486C0F5-9A7D-4530-B73F-4D1938F0B083}.Debug|Any CPU.ActiveCfg = Debug|Any CPU
		{1486C0F5-9A7D-4530-B73F-4D1938F0B083}.Debug|Any CPU.Build.0 = Debug|Any CPU
		{1486C0F5-9A7D-4530-B73F-4D1938F0B083}.Debug|x64.ActiveCfg = Debug|Any CPU
		{1486C0F5-9A7D-4530-B73F-4D1938F0B083}.Debug|x64.Build.0 = Debug|Any CPU
		{1486C0F5-9A7D-4530-B73F-4D1938F0B083}.Release|Any CPU.ActiveCfg = Release|Any CPU
		{1486C0F5-9A7D-4530-B73F-4D1938F0B083}.Release|Any CPU.Build.0 = Release|Any CPU
		{1486C0F5-9A7D-4530-B73F-4D1938F0B083}.Release|x64.ActiveCfg = Release|Any CPU
		{1486C0F5-9A7D-4530-B73F-4D1938F0B083}.Release|x64.Build.0 = Release|Any CPU
		{E384B4DB-BC07-46B8-97A8-F9A1CDBB20C1}.Debug|Any CPU.ActiveCfg = Debug|Any CPU
		{E384B4DB-BC07-46B8-97A8-F9A1CDBB20C1}.Debug|Any CPU.Build.0 = Debug|Any CPU
		{E384B4DB-BC07-46B8-97A8-F9A1CDBB20C1}.Debug|x64.ActiveCfg = Debug|Any CPU
		{E384B4DB-BC07-46B8-97A8-F9A1CDBB20C1}.Debug|x64.Build.0 = Debug|Any CPU
		{E384B4DB-BC07-46B8-97A8-F9A1CDBB20C1}.Release|Any CPU.ActiveCfg = Release|Any CPU
		{E384B4DB-BC07-46B8-97A8-F9A1CDBB20C1}.Release|Any CPU.Build.0 = Release|Any CPU
		{E384B4DB-BC07-46B8-97A8-F9A1CDBB20C1}.Release|x64.ActiveCfg = Release|Any CPU
		{E384B4DB-BC07-46B8-97A8-F9A1CDBB20C1}.Release|x64.Build.0 = Release|Any CPU
		{9A5A7344-A47A-4DC4-A23D-56B92B7F051B}.Debug|Any CPU.ActiveCfg = Debug|Any CPU
		{9A5A7344-A47A-4DC4-A23D-56B92B7F051B}.Debug|Any CPU.Build.0 = Debug|Any CPU
		{9A5A7344-A47A-4DC4-A23D-56B92B7F051B}.Debug|x64.ActiveCfg = Debug|Any CPU
		{9A5A7344-A47A-4DC4-A23D-56B92B7F051B}.Debug|x64.Build.0 = Debug|Any CPU
		{9A5A7344-A47A-4DC4-A23D-56B92B7F051B}.Release|Any CPU.ActiveCfg = Release|Any CPU
		{9A5A7344-A47A-4DC4-A23D-56B92B7F051B}.Release|Any CPU.Build.0 = Release|Any CPU
		{9A5A7344-A47A-4DC4-A23D-56B92B7F051B}.Release|x64.ActiveCfg = Release|Any CPU
		{9A5A7344-A47A-4DC4-A23D-56B92B7F051B}.Release|x64.Build.0 = Release|Any CPU
		{C9B00432-3802-489F-B2D1-C27C36B17DA1}.Debug|Any CPU.ActiveCfg = Debug|Any CPU
		{C9B00432-3802-489F-B2D1-C27C36B17DA1}.Debug|Any CPU.Build.0 = Debug|Any CPU
		{C9B00432-3802-489F-B2D1-C27C36B17DA1}.Debug|x64.ActiveCfg = Debug|Any CPU
		{C9B00432-3802-489F-B2D1-C27C36B17DA1}.Debug|x64.Build.0 = Debug|Any CPU
		{C9B00432-3802-489F-B2D1-C27C36B17DA1}.Release|Any CPU.ActiveCfg = Release|Any CPU
		{C9B00432-3802-489F-B2D1-C27C36B17DA1}.Release|Any CPU.Build.0 = Release|Any CPU
		{C9B00432-3802-489F-B2D1-C27C36B17DA1}.Release|x64.ActiveCfg = Release|Any CPU
		{C9B00432-3802-489F-B2D1-C27C36B17DA1}.Release|x64.Build.0 = Release|Any CPU
		{78EA1806-A757-47F3-A1C5-DF2FC3B8288B}.Debug|Any CPU.ActiveCfg = Debug|Any CPU
		{78EA1806-A757-47F3-A1C5-DF2FC3B8288B}.Debug|Any CPU.Build.0 = Debug|Any CPU
		{78EA1806-A757-47F3-A1C5-DF2FC3B8288B}.Debug|x64.ActiveCfg = Debug|Any CPU
		{78EA1806-A757-47F3-A1C5-DF2FC3B8288B}.Debug|x64.Build.0 = Debug|Any CPU
		{78EA1806-A757-47F3-A1C5-DF2FC3B8288B}.Release|Any CPU.ActiveCfg = Release|Any CPU
		{78EA1806-A757-47F3-A1C5-DF2FC3B8288B}.Release|Any CPU.Build.0 = Release|Any CPU
		{78EA1806-A757-47F3-A1C5-DF2FC3B8288B}.Release|x64.ActiveCfg = Release|Any CPU
		{78EA1806-A757-47F3-A1C5-DF2FC3B8288B}.Release|x64.Build.0 = Release|Any CPU
		{4FEDE121-FE96-4B51-B598-0CDD3C5AA078}.Debug|Any CPU.ActiveCfg = Debug|Any CPU
		{4FEDE121-FE96-4B51-B598-0CDD3C5AA078}.Debug|Any CPU.Build.0 = Debug|Any CPU
		{4FEDE121-FE96-4B51-B598-0CDD3C5AA078}.Debug|x64.ActiveCfg = Debug|Any CPU
		{4FEDE121-FE96-4B51-B598-0CDD3C5AA078}.Debug|x64.Build.0 = Debug|Any CPU
		{4FEDE121-FE96-4B51-B598-0CDD3C5AA078}.Release|Any CPU.ActiveCfg = Release|Any CPU
		{4FEDE121-FE96-4B51-B598-0CDD3C5AA078}.Release|Any CPU.Build.0 = Release|Any CPU
		{4FEDE121-FE96-4B51-B598-0CDD3C5AA078}.Release|x64.ActiveCfg = Release|Any CPU
		{4FEDE121-FE96-4B51-B598-0CDD3C5AA078}.Release|x64.Build.0 = Release|Any CPU
		{9B4C08E6-144E-40D5-9B3D-344011BA7DF3}.Debug|Any CPU.ActiveCfg = Debug|Any CPU
		{9B4C08E6-144E-40D5-9B3D-344011BA7DF3}.Debug|Any CPU.Build.0 = Debug|Any CPU
		{9B4C08E6-144E-40D5-9B3D-344011BA7DF3}.Debug|x64.ActiveCfg = Debug|Any CPU
		{9B4C08E6-144E-40D5-9B3D-344011BA7DF3}.Debug|x64.Build.0 = Debug|Any CPU
		{9B4C08E6-144E-40D5-9B3D-344011BA7DF3}.Release|Any CPU.ActiveCfg = Release|Any CPU
		{9B4C08E6-144E-40D5-9B3D-344011BA7DF3}.Release|Any CPU.Build.0 = Release|Any CPU
		{9B4C08E6-144E-40D5-9B3D-344011BA7DF3}.Release|x64.ActiveCfg = Release|Any CPU
		{9B4C08E6-144E-40D5-9B3D-344011BA7DF3}.Release|x64.Build.0 = Release|Any CPU
		{D860EB42-E6F5-4991-8F2D-DB84FBD6BA1D}.Debug|Any CPU.ActiveCfg = Debug|Any CPU
		{D860EB42-E6F5-4991-8F2D-DB84FBD6BA1D}.Debug|Any CPU.Build.0 = Debug|Any CPU
		{D860EB42-E6F5-4991-8F2D-DB84FBD6BA1D}.Debug|x64.ActiveCfg = Debug|Any CPU
		{D860EB42-E6F5-4991-8F2D-DB84FBD6BA1D}.Debug|x64.Build.0 = Debug|Any CPU
		{D860EB42-E6F5-4991-8F2D-DB84FBD6BA1D}.Release|Any CPU.ActiveCfg = Release|Any CPU
		{D860EB42-E6F5-4991-8F2D-DB84FBD6BA1D}.Release|Any CPU.Build.0 = Release|Any CPU
		{D860EB42-E6F5-4991-8F2D-DB84FBD6BA1D}.Release|x64.ActiveCfg = Release|Any CPU
		{D860EB42-E6F5-4991-8F2D-DB84FBD6BA1D}.Release|x64.Build.0 = Release|Any CPU
		{1F11D206-B4CE-430B-A8BD-6D7C93BC4C8F}.Debug|Any CPU.ActiveCfg = Debug|Any CPU
		{1F11D206-B4CE-430B-A8BD-6D7C93BC4C8F}.Debug|Any CPU.Build.0 = Debug|Any CPU
		{1F11D206-B4CE-430B-A8BD-6D7C93BC4C8F}.Debug|x64.ActiveCfg = Debug|Any CPU
		{1F11D206-B4CE-430B-A8BD-6D7C93BC4C8F}.Debug|x64.Build.0 = Debug|Any CPU
		{1F11D206-B4CE-430B-A8BD-6D7C93BC4C8F}.Release|Any CPU.ActiveCfg = Release|Any CPU
		{1F11D206-B4CE-430B-A8BD-6D7C93BC4C8F}.Release|Any CPU.Build.0 = Release|Any CPU
		{1F11D206-B4CE-430B-A8BD-6D7C93BC4C8F}.Release|x64.ActiveCfg = Release|Any CPU
		{1F11D206-B4CE-430B-A8BD-6D7C93BC4C8F}.Release|x64.Build.0 = Release|Any CPU
		{40542E99-97E7-4A2F-A7FA-4405CAAF0967}.Debug|Any CPU.ActiveCfg = Debug|Any CPU
		{40542E99-97E7-4A2F-A7FA-4405CAAF0967}.Debug|Any CPU.Build.0 = Debug|Any CPU
		{40542E99-97E7-4A2F-A7FA-4405CAAF0967}.Debug|x64.ActiveCfg = Debug|Any CPU
		{40542E99-97E7-4A2F-A7FA-4405CAAF0967}.Debug|x64.Build.0 = Debug|Any CPU
		{40542E99-97E7-4A2F-A7FA-4405CAAF0967}.Release|Any CPU.ActiveCfg = Release|Any CPU
		{40542E99-97E7-4A2F-A7FA-4405CAAF0967}.Release|Any CPU.Build.0 = Release|Any CPU
		{40542E99-97E7-4A2F-A7FA-4405CAAF0967}.Release|x64.ActiveCfg = Release|Any CPU
		{40542E99-97E7-4A2F-A7FA-4405CAAF0967}.Release|x64.Build.0 = Release|Any CPU
		{6ECBE2E4-E080-4701-BE0A-BC1094D3E7D8}.Debug|Any CPU.ActiveCfg = Debug|Any CPU
		{6ECBE2E4-E080-4701-BE0A-BC1094D3E7D8}.Debug|Any CPU.Build.0 = Debug|Any CPU
		{6ECBE2E4-E080-4701-BE0A-BC1094D3E7D8}.Debug|x64.ActiveCfg = Debug|Any CPU
		{6ECBE2E4-E080-4701-BE0A-BC1094D3E7D8}.Debug|x64.Build.0 = Debug|Any CPU
		{6ECBE2E4-E080-4701-BE0A-BC1094D3E7D8}.Release|Any CPU.ActiveCfg = Release|Any CPU
		{6ECBE2E4-E080-4701-BE0A-BC1094D3E7D8}.Release|Any CPU.Build.0 = Release|Any CPU
		{6ECBE2E4-E080-4701-BE0A-BC1094D3E7D8}.Release|x64.ActiveCfg = Release|Any CPU
		{6ECBE2E4-E080-4701-BE0A-BC1094D3E7D8}.Release|x64.Build.0 = Release|Any CPU
	EndGlobalSection
	GlobalSection(SolutionProperties) = preSolution
		HideSolutionNode = FALSE
	EndGlobalSection
	GlobalSection(ExtensibilityGlobals) = postSolution
		SolutionGuid = {A0029F58-63FA-4445-ABC2-C334EB5B99B5}
	EndGlobalSection
EndGlobal
