
Microsoft Visual Studio Solution File, Format Version 12.00
# Visual Studio Version 17
VisualStudioVersion = 17.9.34622.214
MinimumVisualStudioVersion = 10.0.40219.1
Project("{9A19103F-16F7-4668-BE54-9A1E7A4F7556}") = "ChattyBridge", "ChattyBridge\ChattyBridge.csproj", "{8281F41F-6AEE-4A08-B1FD-7BDC126BD06A}"
EndProject
Project("{2150E333-8FDC-42A3-9474-1A3956D46DE8}") = "解决方案项", "解决方案项", "{C3AAED6E-4685-4D70-9064-3A39A7EA485F}"
	ProjectSection(SolutionItems) = preProject
		template.targets = template.targets
	EndProjectSection
EndProject
Project("{9A19103F-16F7-4668-BE54-9A1E7A4F7556}") = "EconomicsAPI", "EconomicsAPI\EconomicsAPI.csproj", "{CB210D18-3DA3-46EC-9E49-72296871E2DD}"
EndProject
Project("{9A19103F-16F7-4668-BE54-9A1E7A4F7556}") = "Economics.RPG", "Economics.RPG\Economics.RPG.csproj", "{F183C64E-9FC4-4938-8962-74A58B1E9232}"
EndProject
Project("{9A19103F-16F7-4668-BE54-9A1E7A4F7556}") = "Economics.Deal", "Economics.Deal\Economics.Deal.csproj", "{12E74D48-5F05-42EB-B434-9C6DAF159289}"
EndProject
Project("{9A19103F-16F7-4668-BE54-9A1E7A4F7556}") = "Economics.Shop", "Economics.Shop\Economics.Shop.csproj", "{BB97FC98-BA7C-4308-B1B5-1C748EE31F95}"
EndProject
Project("{9A19103F-16F7-4668-BE54-9A1E7A4F7556}") = "Economics.Skill", "Economics.Skill\Economics.Skill.csproj", "{B94BB79F-53DB-4C3E-8E9D-53194CB20577}"
EndProject
Project("{9A19103F-16F7-4668-BE54-9A1E7A4F7556}") = "CreateSpawn", "CreateSpawn\CreateSpawn.csproj", "{36BD8152-E8E7-45BE-906E-0FC048F9794E}"
EndProject
Project("{9A19103F-16F7-4668-BE54-9A1E7A4F7556}") = "AutoBroadcast", "AutoBroadcast\AutoBroadcast.csproj", "{2ECD2226-ABB7-43D8-BB04-89B0F567002A}"
EndProject
Project("{9A19103F-16F7-4668-BE54-9A1E7A4F7556}") = "AutoTeam", "AutoTeam\AutoTeam.csproj", "{2555CB6C-2DDB-4C21-A610-EC056B885939}"
EndProject
Project("{9A19103F-16F7-4668-BE54-9A1E7A4F7556}") = "LifemaxExtra", "LifemaxExtra\LifemaxExtra.csproj", "{F4D43E91-626F-4B28-A20F-50BC034DC808}"
EndProject
Project("{9A19103F-16F7-4668-BE54-9A1E7A4F7556}") = "BridgeBuilder", "BridgeBuilder\BridgeBuilder.csproj", "{A4C401CD-9D9B-4A63-9696-45B990194077}"
EndProject
Project("{9A19103F-16F7-4668-BE54-9A1E7A4F7556}") = "CriticalHit", "CriticalHit\CriticalHit.csproj", "{6CD20D14-14DE-4022-A24D-3D8488553BEB}"
EndProject
Project("{9A19103F-16F7-4668-BE54-9A1E7A4F7556}") = "Back", "Back\Back.csproj", "{A93C4B1F-F36A-49BB-BFF4-544702A3AD59}"
EndProject
Project("{9A19103F-16F7-4668-BE54-9A1E7A4F7556}") = "BanNpc", "BanNpc\BanNpc.csproj", "{A0CD7941-8248-4DEE-B6C1-972995A9D511}"
EndProject
Project("{9A19103F-16F7-4668-BE54-9A1E7A4F7556}") = "MapTp", "MapTp\MapTp.csproj", "{E3F0A3C7-2B10-48AB-B280-722F2039944C}"
EndProject
Project("{9A19103F-16F7-4668-BE54-9A1E7A4F7556}") = "RandRespawn", "RandRespawn\RandRespawn.csproj", "{44DF105C-3615-4B15-AE72-7835C44A3864}"
EndProject
Project("{9A19103F-16F7-4668-BE54-9A1E7A4F7556}") = "CGive", "CGive\CGive.csproj", "{7A15E6B2-F299-4F07-8429-129119F4553C}"
EndProject
Global
	GlobalSection(SolutionConfigurationPlatforms) = preSolution
		Debug|Any CPU = Debug|Any CPU
		Debug|x64 = Debug|x64
		Release|Any CPU = Release|Any CPU
		Release|x64 = Release|x64
	EndGlobalSection
	GlobalSection(ProjectConfigurationPlatforms) = postSolution
		{8281F41F-6AEE-4A08-B1FD-7BDC126BD06A}.Debug|Any CPU.ActiveCfg = Debug|Any CPU
		{8281F41F-6AEE-4A08-B1FD-7BDC126BD06A}.Debug|Any CPU.Build.0 = Debug|Any CPU
		{8281F41F-6AEE-4A08-B1FD-7BDC126BD06A}.Debug|x64.ActiveCfg = Debug|Any CPU
		{8281F41F-6AEE-4A08-B1FD-7BDC126BD06A}.Debug|x64.Build.0 = Debug|Any CPU
		{8281F41F-6AEE-4A08-B1FD-7BDC126BD06A}.Release|Any CPU.ActiveCfg = Release|Any CPU
		{8281F41F-6AEE-4A08-B1FD-7BDC126BD06A}.Release|Any CPU.Build.0 = Release|Any CPU
		{8281F41F-6AEE-4A08-B1FD-7BDC126BD06A}.Release|x64.ActiveCfg = Release|Any CPU
		{8281F41F-6AEE-4A08-B1FD-7BDC126BD06A}.Release|x64.Build.0 = Release|Any CPU
		{CB210D18-3DA3-46EC-9E49-72296871E2DD}.Debug|Any CPU.ActiveCfg = Debug|Any CPU
		{CB210D18-3DA3-46EC-9E49-72296871E2DD}.Debug|Any CPU.Build.0 = Debug|Any CPU
		{CB210D18-3DA3-46EC-9E49-72296871E2DD}.Debug|x64.ActiveCfg = Debug|Any CPU
		{CB210D18-3DA3-46EC-9E49-72296871E2DD}.Debug|x64.Build.0 = Debug|Any CPU
		{CB210D18-3DA3-46EC-9E49-72296871E2DD}.Release|Any CPU.ActiveCfg = Release|Any CPU
		{CB210D18-3DA3-46EC-9E49-72296871E2DD}.Release|Any CPU.Build.0 = Release|Any CPU
		{CB210D18-3DA3-46EC-9E49-72296871E2DD}.Release|x64.ActiveCfg = Release|Any CPU
		{CB210D18-3DA3-46EC-9E49-72296871E2DD}.Release|x64.Build.0 = Release|Any CPU
		{F183C64E-9FC4-4938-8962-74A58B1E9232}.Debug|Any CPU.ActiveCfg = Debug|Any CPU
		{F183C64E-9FC4-4938-8962-74A58B1E9232}.Debug|Any CPU.Build.0 = Debug|Any CPU
		{F183C64E-9FC4-4938-8962-74A58B1E9232}.Debug|x64.ActiveCfg = Debug|Any CPU
		{F183C64E-9FC4-4938-8962-74A58B1E9232}.Debug|x64.Build.0 = Debug|Any CPU
		{F183C64E-9FC4-4938-8962-74A58B1E9232}.Release|Any CPU.ActiveCfg = Release|Any CPU
		{F183C64E-9FC4-4938-8962-74A58B1E9232}.Release|Any CPU.Build.0 = Release|Any CPU
		{F183C64E-9FC4-4938-8962-74A58B1E9232}.Release|x64.ActiveCfg = Release|Any CPU
		{F183C64E-9FC4-4938-8962-74A58B1E9232}.Release|x64.Build.0 = Release|Any CPU
		{12E74D48-5F05-42EB-B434-9C6DAF159289}.Debug|Any CPU.ActiveCfg = Debug|Any CPU
		{12E74D48-5F05-42EB-B434-9C6DAF159289}.Debug|Any CPU.Build.0 = Debug|Any CPU
		{12E74D48-5F05-42EB-B434-9C6DAF159289}.Debug|x64.ActiveCfg = Debug|Any CPU
		{12E74D48-5F05-42EB-B434-9C6DAF159289}.Debug|x64.Build.0 = Debug|Any CPU
		{12E74D48-5F05-42EB-B434-9C6DAF159289}.Release|Any CPU.ActiveCfg = Release|Any CPU
		{12E74D48-5F05-42EB-B434-9C6DAF159289}.Release|Any CPU.Build.0 = Release|Any CPU
		{12E74D48-5F05-42EB-B434-9C6DAF159289}.Release|x64.ActiveCfg = Release|Any CPU
		{12E74D48-5F05-42EB-B434-9C6DAF159289}.Release|x64.Build.0 = Release|Any CPU
		{BB97FC98-BA7C-4308-B1B5-1C748EE31F95}.Debug|Any CPU.ActiveCfg = Debug|Any CPU
		{BB97FC98-BA7C-4308-B1B5-1C748EE31F95}.Debug|Any CPU.Build.0 = Debug|Any CPU
		{BB97FC98-BA7C-4308-B1B5-1C748EE31F95}.Debug|x64.ActiveCfg = Debug|Any CPU
		{BB97FC98-BA7C-4308-B1B5-1C748EE31F95}.Debug|x64.Build.0 = Debug|Any CPU
		{BB97FC98-BA7C-4308-B1B5-1C748EE31F95}.Release|Any CPU.ActiveCfg = Release|Any CPU
		{BB97FC98-BA7C-4308-B1B5-1C748EE31F95}.Release|Any CPU.Build.0 = Release|Any CPU
		{BB97FC98-BA7C-4308-B1B5-1C748EE31F95}.Release|x64.ActiveCfg = Release|Any CPU
		{BB97FC98-BA7C-4308-B1B5-1C748EE31F95}.Release|x64.Build.0 = Release|Any CPU
		{B94BB79F-53DB-4C3E-8E9D-53194CB20577}.Debug|Any CPU.ActiveCfg = Debug|Any CPU
		{B94BB79F-53DB-4C3E-8E9D-53194CB20577}.Debug|Any CPU.Build.0 = Debug|Any CPU
		{B94BB79F-53DB-4C3E-8E9D-53194CB20577}.Debug|x64.ActiveCfg = Debug|Any CPU
		{B94BB79F-53DB-4C3E-8E9D-53194CB20577}.Debug|x64.Build.0 = Debug|Any CPU
		{B94BB79F-53DB-4C3E-8E9D-53194CB20577}.Release|Any CPU.ActiveCfg = Release|Any CPU
		{B94BB79F-53DB-4C3E-8E9D-53194CB20577}.Release|Any CPU.Build.0 = Release|Any CPU
		{B94BB79F-53DB-4C3E-8E9D-53194CB20577}.Release|x64.ActiveCfg = Release|Any CPU
		{B94BB79F-53DB-4C3E-8E9D-53194CB20577}.Release|x64.Build.0 = Release|Any CPU
		{36BD8152-E8E7-45BE-906E-0FC048F9794E}.Debug|Any CPU.ActiveCfg = Debug|Any CPU
		{36BD8152-E8E7-45BE-906E-0FC048F9794E}.Debug|Any CPU.Build.0 = Debug|Any CPU
		{36BD8152-E8E7-45BE-906E-0FC048F9794E}.Debug|x64.ActiveCfg = Debug|Any CPU
		{36BD8152-E8E7-45BE-906E-0FC048F9794E}.Debug|x64.Build.0 = Debug|Any CPU
		{36BD8152-E8E7-45BE-906E-0FC048F9794E}.Release|Any CPU.ActiveCfg = Release|Any CPU
		{36BD8152-E8E7-45BE-906E-0FC048F9794E}.Release|Any CPU.Build.0 = Release|Any CPU
		{36BD8152-E8E7-45BE-906E-0FC048F9794E}.Release|x64.ActiveCfg = Release|Any CPU
		{36BD8152-E8E7-45BE-906E-0FC048F9794E}.Release|x64.Build.0 = Release|Any CPU
		{2ECD2226-ABB7-43D8-BB04-89B0F567002A}.Debug|Any CPU.ActiveCfg = Debug|Any CPU
		{2ECD2226-ABB7-43D8-BB04-89B0F567002A}.Debug|Any CPU.Build.0 = Debug|Any CPU
		{2ECD2226-ABB7-43D8-BB04-89B0F567002A}.Debug|x64.ActiveCfg = Debug|Any CPU
		{2ECD2226-ABB7-43D8-BB04-89B0F567002A}.Debug|x64.Build.0 = Debug|Any CPU
		{2ECD2226-ABB7-43D8-BB04-89B0F567002A}.Release|Any CPU.ActiveCfg = Release|Any CPU
		{2ECD2226-ABB7-43D8-BB04-89B0F567002A}.Release|Any CPU.Build.0 = Release|Any CPU
		{2ECD2226-ABB7-43D8-BB04-89B0F567002A}.Release|x64.ActiveCfg = Release|Any CPU
		{2ECD2226-ABB7-43D8-BB04-89B0F567002A}.Release|x64.Build.0 = Release|Any CPU
		{2555CB6C-2DDB-4C21-A610-EC056B885939}.Debug|Any CPU.ActiveCfg = Debug|Any CPU
		{2555CB6C-2DDB-4C21-A610-EC056B885939}.Debug|Any CPU.Build.0 = Debug|Any CPU
		{2555CB6C-2DDB-4C21-A610-EC056B885939}.Debug|x64.ActiveCfg = Debug|Any CPU
		{2555CB6C-2DDB-4C21-A610-EC056B885939}.Debug|x64.Build.0 = Debug|Any CPU
		{2555CB6C-2DDB-4C21-A610-EC056B885939}.Release|Any CPU.ActiveCfg = Release|Any CPU
		{2555CB6C-2DDB-4C21-A610-EC056B885939}.Release|Any CPU.Build.0 = Release|Any CPU
		{2555CB6C-2DDB-4C21-A610-EC056B885939}.Release|x64.ActiveCfg = Release|Any CPU
		{2555CB6C-2DDB-4C21-A610-EC056B885939}.Release|x64.Build.0 = Release|Any CPU
		{F4D43E91-626F-4B28-A20F-50BC034DC808}.Debug|Any CPU.ActiveCfg = Debug|Any CPU
		{F4D43E91-626F-4B28-A20F-50BC034DC808}.Debug|Any CPU.Build.0 = Debug|Any CPU
		{F4D43E91-626F-4B28-A20F-50BC034DC808}.Debug|x64.ActiveCfg = Debug|Any CPU
		{F4D43E91-626F-4B28-A20F-50BC034DC808}.Debug|x64.Build.0 = Debug|Any CPU
		{F4D43E91-626F-4B28-A20F-50BC034DC808}.Release|Any CPU.ActiveCfg = Release|Any CPU
		{F4D43E91-626F-4B28-A20F-50BC034DC808}.Release|Any CPU.Build.0 = Release|Any CPU
		{F4D43E91-626F-4B28-A20F-50BC034DC808}.Release|x64.ActiveCfg = Release|Any CPU
		{F4D43E91-626F-4B28-A20F-50BC034DC808}.Release|x64.Build.0 = Release|Any CPU
		{A4C401CD-9D9B-4A63-9696-45B990194077}.Debug|Any CPU.ActiveCfg = Debug|Any CPU
		{A4C401CD-9D9B-4A63-9696-45B990194077}.Debug|Any CPU.Build.0 = Debug|Any CPU
		{A4C401CD-9D9B-4A63-9696-45B990194077}.Debug|x64.ActiveCfg = Debug|x64
		{A4C401CD-9D9B-4A63-9696-45B990194077}.Debug|x64.Build.0 = Debug|x64
		{A4C401CD-9D9B-4A63-9696-45B990194077}.Release|Any CPU.ActiveCfg = Release|Any CPU
		{A4C401CD-9D9B-4A63-9696-45B990194077}.Release|Any CPU.Build.0 = Release|Any CPU
		{A4C401CD-9D9B-4A63-9696-45B990194077}.Release|x64.ActiveCfg = Release|x64
		{A4C401CD-9D9B-4A63-9696-45B990194077}.Release|x64.Build.0 = Release|x64
		{6CD20D14-14DE-4022-A24D-3D8488553BEB}.Debug|Any CPU.ActiveCfg = Debug|Any CPU
		{6CD20D14-14DE-4022-A24D-3D8488553BEB}.Debug|Any CPU.Build.0 = Debug|Any CPU
		{6CD20D14-14DE-4022-A24D-3D8488553BEB}.Debug|x64.ActiveCfg = Debug|Any CPU
		{6CD20D14-14DE-4022-A24D-3D8488553BEB}.Debug|x64.Build.0 = Debug|Any CPU
		{6CD20D14-14DE-4022-A24D-3D8488553BEB}.Release|Any CPU.ActiveCfg = Release|Any CPU
		{6CD20D14-14DE-4022-A24D-3D8488553BEB}.Release|Any CPU.Build.0 = Release|Any CPU
		{6CD20D14-14DE-4022-A24D-3D8488553BEB}.Release|x64.ActiveCfg = Release|Any CPU
		{6CD20D14-14DE-4022-A24D-3D8488553BEB}.Release|x64.Build.0 = Release|Any CPU
		{A93C4B1F-F36A-49BB-BFF4-544702A3AD59}.Debug|Any CPU.ActiveCfg = Debug|Any CPU
		{A93C4B1F-F36A-49BB-BFF4-544702A3AD59}.Debug|Any CPU.Build.0 = Debug|Any CPU
		{A93C4B1F-F36A-49BB-BFF4-544702A3AD59}.Debug|x64.ActiveCfg = Debug|Any CPU
		{A93C4B1F-F36A-49BB-BFF4-544702A3AD59}.Debug|x64.Build.0 = Debug|Any CPU
		{A93C4B1F-F36A-49BB-BFF4-544702A3AD59}.Release|Any CPU.ActiveCfg = Release|Any CPU
		{A93C4B1F-F36A-49BB-BFF4-544702A3AD59}.Release|Any CPU.Build.0 = Release|Any CPU
		{A93C4B1F-F36A-49BB-BFF4-544702A3AD59}.Release|x64.ActiveCfg = Release|Any CPU
		{A93C4B1F-F36A-49BB-BFF4-544702A3AD59}.Release|x64.Build.0 = Release|Any CPU
		{A0CD7941-8248-4DEE-B6C1-972995A9D511}.Debug|Any CPU.ActiveCfg = Debug|Any CPU
		{A0CD7941-8248-4DEE-B6C1-972995A9D511}.Debug|Any CPU.Build.0 = Debug|Any CPU
		{A0CD7941-8248-4DEE-B6C1-972995A9D511}.Debug|x64.ActiveCfg = Debug|Any CPU
		{A0CD7941-8248-4DEE-B6C1-972995A9D511}.Debug|x64.Build.0 = Debug|Any CPU
		{A0CD7941-8248-4DEE-B6C1-972995A9D511}.Release|Any CPU.ActiveCfg = Release|Any CPU
		{A0CD7941-8248-4DEE-B6C1-972995A9D511}.Release|Any CPU.Build.0 = Release|Any CPU
		{A0CD7941-8248-4DEE-B6C1-972995A9D511}.Release|x64.ActiveCfg = Release|Any CPU
		{A0CD7941-8248-4DEE-B6C1-972995A9D511}.Release|x64.Build.0 = Release|Any CPU
		{E3F0A3C7-2B10-48AB-B280-722F2039944C}.Debug|Any CPU.ActiveCfg = Debug|Any CPU
		{E3F0A3C7-2B10-48AB-B280-722F2039944C}.Debug|Any CPU.Build.0 = Debug|Any CPU
		{E3F0A3C7-2B10-48AB-B280-722F2039944C}.Debug|x64.ActiveCfg = Debug|Any CPU
		{E3F0A3C7-2B10-48AB-B280-722F2039944C}.Debug|x64.Build.0 = Debug|Any CPU
		{E3F0A3C7-2B10-48AB-B280-722F2039944C}.Release|Any CPU.ActiveCfg = Release|Any CPU
		{E3F0A3C7-2B10-48AB-B280-722F2039944C}.Release|Any CPU.Build.0 = Release|Any CPU
		{E3F0A3C7-2B10-48AB-B280-722F2039944C}.Release|x64.ActiveCfg = Release|Any CPU
		{E3F0A3C7-2B10-48AB-B280-722F2039944C}.Release|x64.Build.0 = Release|Any CPU
		{44DF105C-3615-4B15-AE72-7835C44A3864}.Debug|Any CPU.ActiveCfg = Debug|Any CPU
		{44DF105C-3615-4B15-AE72-7835C44A3864}.Debug|Any CPU.Build.0 = Debug|Any CPU
		{44DF105C-3615-4B15-AE72-7835C44A3864}.Debug|x64.ActiveCfg = Debug|Any CPU
		{44DF105C-3615-4B15-AE72-7835C44A3864}.Debug|x64.Build.0 = Debug|Any CPU
		{44DF105C-3615-4B15-AE72-7835C44A3864}.Release|Any CPU.ActiveCfg = Release|Any CPU
		{44DF105C-3615-4B15-AE72-7835C44A3864}.Release|Any CPU.Build.0 = Release|Any CPU
		{44DF105C-3615-4B15-AE72-7835C44A3864}.Release|x64.ActiveCfg = Release|Any CPU
		{44DF105C-3615-4B15-AE72-7835C44A3864}.Release|x64.Build.0 = Release|Any CPU
		{7A15E6B2-F299-4F07-8429-129119F4553C}.Debug|Any CPU.ActiveCfg = Debug|Any CPU
		{7A15E6B2-F299-4F07-8429-129119F4553C}.Debug|Any CPU.Build.0 = Debug|Any CPU
		{7A15E6B2-F299-4F07-8429-129119F4553C}.Debug|x64.ActiveCfg = Debug|Any CPU
		{7A15E6B2-F299-4F07-8429-129119F4553C}.Debug|x64.Build.0 = Debug|Any CPU
		{7A15E6B2-F299-4F07-8429-129119F4553C}.Release|Any CPU.ActiveCfg = Release|Any CPU
		{7A15E6B2-F299-4F07-8429-129119F4553C}.Release|Any CPU.Build.0 = Release|Any CPU
		{7A15E6B2-F299-4F07-8429-129119F4553C}.Release|x64.ActiveCfg = Release|Any CPU
		{7A15E6B2-F299-4F07-8429-129119F4553C}.Release|x64.Build.0 = Release|Any CPU
	EndGlobalSection
	GlobalSection(SolutionProperties) = preSolution
		HideSolutionNode = FALSE
	EndGlobalSection
	GlobalSection(ExtensibilityGlobals) = postSolution
		SolutionGuid = {A0029F58-63FA-4445-ABC2-C334EB5B99B5}
	EndGlobalSection
EndGlobal
