
Microsoft Visual Studio Solution File, Format Version 12.00
# Visual Studio Version 17
VisualStudioVersion = 17.7.34018.315
MinimumVisualStudioVersion = 10.0.40219.1
Project("{9A19103F-16F7-4668-BE54-9A1E7A4F7556}") = "WikiLangPackLoader", "WikiLangPackLoader.csproj", "{BA23C77E-89F1-4002-A580-97C76A4EF78E}"
EndProject
Global
	GlobalSection(SolutionConfigurationPlatforms) = preSolution
		Debug|Any CPU = Debug|Any CPU
		Release|Any CPU = Release|Any CPU
	EndGlobalSection
	GlobalSection(ProjectConfigurationPlatforms) = postSolution
		{BA23C77E-89F1-4002-A580-97C76A4EF78E}.Debug|Any CPU.ActiveCfg = Debug|Any CPU
		{BA23C77E-89F1-4002-A580-97C76A4EF78E}.Debug|Any CPU.Build.0 = Debug|Any CPU
		{BA23C77E-89F1-4002-A580-97C76A4EF78E}.Release|Any CPU.ActiveCfg = Release|Any CPU
		{BA23C77E-89F1-4002-A580-97C76A4EF78E}.Release|Any CPU.Build.0 = Release|Any CPU
	EndGlobalSection
	GlobalSection(SolutionProperties) = preSolution
		HideSolutionNode = FALSE
	EndGlobalSection
	GlobalSection(ExtensibilityGlobals) = postSolution
		SolutionGuid = {883CB2BA-8C55-4BF3-9923-379B5FA192A1}
	EndGlobalSection
EndGlobal
