
Microsoft Visual Studio Solution File, Format Version 12.00
# Visual Studio Version 17
VisualStudioVersion = 17.2.32505.173
MinimumVisualStudioVersion = 10.0.40219.1
Project("{FAE04EC0-301F-11D3-BF4B-00C04F79EFBC}") = "RestInventory", "RestInventory.csproj", "{58186DA2-0147-4273-8C5E-A475AAB5311B}"
EndProject
Global
	GlobalSection(SolutionConfigurationPlatforms) = preSolution
		Debug|Any CPU = Debug|Any CPU
		Release|Any CPU = Release|Any CPU
	EndGlobalSection
	GlobalSection(ProjectConfigurationPlatforms) = postSolution
		{58186DA2-0147-4273-8C5E-A475AAB5311B}.Debug|Any CPU.ActiveCfg = Debug|Any CPU
		{58186DA2-0147-4273-8C5E-A475AAB5311B}.Debug|Any CPU.Build.0 = Debug|Any CPU
		{58186DA2-0147-4273-8C5E-A475AAB5311B}.Release|Any CPU.ActiveCfg = Release|Any CPU
		{58186DA2-0147-4273-8C5E-A475AAB5311B}.Release|Any CPU.Build.0 = Release|Any CPU
	EndGlobalSection
	GlobalSection(SolutionProperties) = preSolution
		HideSolutionNode = FALSE
	EndGlobalSection
	GlobalSection(ExtensibilityGlobals) = postSolution
		SolutionGuid = {E48C58A9-59AB-4A58-A0B0-02A745FC0562}
	EndGlobalSection
EndGlobal
