
Microsoft Visual Studio Solution File, Format Version 12.00
# Visual Studio Version 17
VisualStudioVersion = 17.8.34330.188
MinimumVisualStudioVersion = 10.0.40219.1
Project("{9A19103F-16F7-4668-BE54-9A1E7A4F7556}") = "ShortCommand", "ShortCommand.csproj", "{64385012-194B-4096-BF7D-030DD7CD805F}"
EndProject
Global
	GlobalSection(SolutionConfigurationPlatforms) = preSolution
		Debug|Any CPU = Debug|Any CPU
		Release|Any CPU = Release|Any CPU
	EndGlobalSection
	GlobalSection(ProjectConfigurationPlatforms) = postSolution
		{64385012-194B-4096-BF7D-030DD7CD805F}.Debug|Any CPU.ActiveCfg = Debug|Any CPU
		{64385012-194B-4096-BF7D-030DD7CD805F}.Debug|Any CPU.Build.0 = Debug|Any CPU
		{64385012-194B-4096-BF7D-030DD7CD805F}.Release|Any CPU.ActiveCfg = Release|Any CPU
		{64385012-194B-4096-BF7D-030DD7CD805F}.Release|Any CPU.Build.0 = Release|Any CPU
	EndGlobalSection
	GlobalSection(SolutionProperties) = preSolution
		HideSolutionNode = FALSE
	EndGlobalSection
	GlobalSection(ExtensibilityGlobals) = postSolution
		SolutionGuid = {322FAC12-B22C-4547-8EA7-2F4081CA2894}
	EndGlobalSection
EndGlobal
