
Microsoft Visual Studio Solution File, Format Version 12.00
# Visual Studio Version 17
VisualStudioVersion = 17.10.34928.147
MinimumVisualStudioVersion = 10.0.40219.1
Project("{FAE04EC0-301F-11D3-BF4B-00C04F79EFBC}") = "ProgressControls", "ProgressControls.csproj", "{C70E0634-E0FD-4983-83E9-584F93FFB1FB}"
EndProject
Global
	GlobalSection(SolutionConfigurationPlatforms) = preSolution
		Debug|Any CPU = Debug|Any CPU
		Release|Any CPU = Release|Any CPU
	EndGlobalSection
	GlobalSection(ProjectConfigurationPlatforms) = postSolution
		{C70E0634-E0FD-4983-83E9-584F93FFB1FB}.Debug|Any CPU.ActiveCfg = Debug|Any CPU
		{C70E0634-E0FD-4983-83E9-584F93FFB1FB}.Debug|Any CPU.Build.0 = Debug|Any CPU
		{C70E0634-E0FD-4983-83E9-584F93FFB1FB}.Release|Any CPU.ActiveCfg = Release|Any CPU
		{C70E0634-E0FD-4983-83E9-584F93FFB1FB}.Release|Any CPU.Build.0 = Release|Any CPU
	EndGlobalSection
	GlobalSection(SolutionProperties) = preSolution
		HideSolutionNode = FALSE
	EndGlobalSection
	GlobalSection(ExtensibilityGlobals) = postSolution
		SolutionGuid = {4614318F-FA4E-4A7A-8082-05F46E89DC58}
	EndGlobalSection
EndGlobal
